// !$*UTF8*$!
{
	archiveVersion = 1;
	classes = {
	};
	objectVersion = 51;
	objects = {

/* Begin PBXBuildFile section */
		590F7C40C8BAE71A9780E40D /* Pods_Test.framework in Frameworks */ = {isa = PBXBuildFile; fileRef = 1F4C433743BD5833F3737EC9 /* Pods_Test.framework */; };
		BD4AFAC02648DB2D0049222C /* PictureNamingController.m in Sources */ = {isa = PBXBuildFile; fileRef = BD4AFABF2648DB2D0049222C /* PictureNamingController.m */; };
		BD856F832647BC0E00E17909 /* 1651.png in Resources */ = {isa = PBXBuildFile; fileRef = BD856F4A2647BC0B00E17909 /* 1651.png */; };
		BD856F842647BC0E00E17909 /* 1564.png in Resources */ = {isa = PBXBuildFile; fileRef = BD856F4B2647BC0B00E17909 /* 1564.png */; };
		BD856F852647BC0E00E17909 /* 1597.png in Resources */ = {isa = PBXBuildFile; fileRef = BD856F4C2647BC0B00E17909 /* 1597.png */; };
		BD856F862647BC0E00E17909 /* 1565.png in Resources */ = {isa = PBXBuildFile; fileRef = BD856F4D2647BC0B00E17909 /* 1565.png */; };
		BD856F872647BC0E00E17909 /* 1933.png in Resources */ = {isa = PBXBuildFile; fileRef = BD856F4E2647BC0B00E17909 /* 1933.png */; };
		BD856F882647BC0E00E17909 /* 1847.png in Resources */ = {isa = PBXBuildFile; fileRef = BD856F4F2647BC0B00E17909 /* 1847.png */; };
		BD856F892647BC0E00E17909 /* 1715.png in Resources */ = {isa = PBXBuildFile; fileRef = BD856F502647BC0C00E17909 /* 1715.png */; };
		BD856F8A2647BC0E00E17909 /* 1979.png in Resources */ = {isa = PBXBuildFile; fileRef = BD856F512647BC0C00E17909 /* 1979.png */; };
		BD856F8B2647BC0E00E17909 /* 2076.png in Resources */ = {isa = PBXBuildFile; fileRef = BD856F522647BC0C00E17909 /* 2076.png */; };
		BD856F8C2647BC0E00E17909 /* 1956.png in Resources */ = {isa = PBXBuildFile; fileRef = BD856F532647BC0C00E17909 /* 1956.png */; };
		BD856F8D2647BC0E00E17909 /* 1789.png in Resources */ = {isa = PBXBuildFile; fileRef = BD856F542647BC0C00E17909 /* 1789.png */; };
		BD856F8E2647BC0E00E17909 /* 1523.png in Resources */ = {isa = PBXBuildFile; fileRef = BD856F552647BC0C00E17909 /* 1523.png */; };
		BD856F8F2647BC0E00E17909 /* 1654.png in Resources */ = {isa = PBXBuildFile; fileRef = BD856F562647BC0C00E17909 /* 1654.png */; };
		BD856F902647BC0E00E17909 /* 1996.png in Resources */ = {isa = PBXBuildFile; fileRef = BD856F572647BC0C00E17909 /* 1996.png */; };
		BD856F912647BC0E00E17909 /* 1929.png in Resources */ = {isa = PBXBuildFile; fileRef = BD856F582647BC0C00E17909 /* 1929.png */; };
		BD856F922647BC0E00E17909 /* 2087.png in Resources */ = {isa = PBXBuildFile; fileRef = BD856F592647BC0C00E17909 /* 2087.png */; };
		BD856F932647BC0E00E17909 /* 1667.png in Resources */ = {isa = PBXBuildFile; fileRef = BD856F5A2647BC0C00E17909 /* 1667.png */; };
		BD856F942647BC0E00E17909 /* 2013.png in Resources */ = {isa = PBXBuildFile; fileRef = BD856F5B2647BC0C00E17909 /* 2013.png */; };
		BD856F952647BC0E00E17909 /* 2075.png in Resources */ = {isa = PBXBuildFile; fileRef = BD856F5C2647BC0C00E17909 /* 2075.png */; };
		BD856F962647BC0E00E17909 /* 1983.png in Resources */ = {isa = PBXBuildFile; fileRef = BD856F5D2647BC0C00E17909 /* 1983.png */; };
		BD856F972647BC0E00E17909 /* 1666.png in Resources */ = {isa = PBXBuildFile; fileRef = BD856F5E2647BC0C00E17909 /* 1666.png */; };
		BD856F982647BC0E00E17909 /* 2047.png in Resources */ = {isa = PBXBuildFile; fileRef = BD856F5F2647BC0D00E17909 /* 2047.png */; };
		BD856F992647BC0E00E17909 /* 1615.png in Resources */ = {isa = PBXBuildFile; fileRef = BD856F602647BC0D00E17909 /* 1615.png */; };
		BD856F9A2647BC0E00E17909 /* 1812.png in Resources */ = {isa = PBXBuildFile; fileRef = BD856F612647BC0D00E17909 /* 1812.png */; };
		BD856F9B2647BC0E00E17909 /* 1543.png in Resources */ = {isa = PBXBuildFile; fileRef = BD856F622647BC0D00E17909 /* 1543.png */; };
		BD856F9C2647BC0E00E17909 /* 2067.png in Resources */ = {isa = PBXBuildFile; fileRef = BD856F632647BC0D00E17909 /* 2067.png */; };
		BD856F9D2647BC0E00E17909 /* 2012.png in Resources */ = {isa = PBXBuildFile; fileRef = BD856F642647BC0D00E17909 /* 2012.png */; };
		BD856F9E2647BC0E00E17909 /* 1915.png in Resources */ = {isa = PBXBuildFile; fileRef = BD856F652647BC0D00E17909 /* 1915.png */; };
		BD856F9F2647BC0E00E17909 /* 1703.png in Resources */ = {isa = PBXBuildFile; fileRef = BD856F662647BC0D00E17909 /* 1703.png */; };
		BD856FA02647BC0E00E17909 /* 2095.png in Resources */ = {isa = PBXBuildFile; fileRef = BD856F672647BC0D00E17909 /* 2095.png */; };
		BD856FA12647BC0E00E17909 /* 1963.png in Resources */ = {isa = PBXBuildFile; fileRef = BD856F682647BC0D00E17909 /* 1963.png */; };
		BD856FA22647BC0E00E17909 /* 1984.png in Resources */ = {isa = PBXBuildFile; fileRef = BD856F692647BC0D00E17909 /* 1984.png */; };
		BD856FA32647BC0E00E17909 /* 1908.png in Resources */ = {isa = PBXBuildFile; fileRef = BD856F6A2647BC0D00E17909 /* 1908.png */; };
		BD856FA42647BC0E00E17909 /* 1582.png in Resources */ = {isa = PBXBuildFile; fileRef = BD856F6B2647BC0D00E17909 /* 1582.png */; };
		BD856FA52647BC0E00E17909 /* 1678.png in Resources */ = {isa = PBXBuildFile; fileRef = BD856F6C2647BC0D00E17909 /* 1678.png */; };
		BD856FA62647BC0E00E17909 /* 2091.png in Resources */ = {isa = PBXBuildFile; fileRef = BD856F6D2647BC0D00E17909 /* 2091.png */; };
		BD856FA72647BC0E00E17909 /* 1722.png in Resources */ = {isa = PBXBuildFile; fileRef = BD856F6E2647BC0D00E17909 /* 1722.png */; };
		BD856FA82647BC0E00E17909 /* 2056.png in Resources */ = {isa = PBXBuildFile; fileRef = BD856F6F2647BC0D00E17909 /* 2056.png */; };
		BD856FA92647BC0E00E17909 /* 1732.png in Resources */ = {isa = PBXBuildFile; fileRef = BD856F702647BC0D00E17909 /* 1732.png */; };
		BD856FAA2647BC0E00E17909 /* 1918.png in Resources */ = {isa = PBXBuildFile; fileRef = BD856F712647BC0D00E17909 /* 1918.png */; };
		BD856FAB2647BC0E00E17909 /* 1931.png in Resources */ = {isa = PBXBuildFile; fileRef = BD856F722647BC0D00E17909 /* 1931.png */; };
		BD856FAC2647BC0E00E17909 /* 2053.png in Resources */ = {isa = PBXBuildFile; fileRef = BD856F732647BC0E00E17909 /* 2053.png */; };
		BD856FAD2647BC0E00E17909 /* 1653.png in Resources */ = {isa = PBXBuildFile; fileRef = BD856F742647BC0E00E17909 /* 1653.png */; };
		BD856FAE2647BC0E00E17909 /* 2105.png in Resources */ = {isa = PBXBuildFile; fileRef = BD856F752647BC0E00E17909 /* 2105.png */; };
		BD856FAF2647BC0E00E17909 /* 1687.png in Resources */ = {isa = PBXBuildFile; fileRef = BD856F762647BC0E00E17909 /* 1687.png */; };
		BD856FB02647BC0E00E17909 /* 1922.png in Resources */ = {isa = PBXBuildFile; fileRef = BD856F772647BC0E00E17909 /* 1922.png */; };
		BD856FB12647BC0E00E17909 /* 1680.png in Resources */ = {isa = PBXBuildFile; fileRef = BD856F782647BC0E00E17909 /* 1680.png */; };
		BD856FB22647BC0E00E17909 /* 1948.png in Resources */ = {isa = PBXBuildFile; fileRef = BD856F792647BC0E00E17909 /* 1948.png */; };
		BD856FB32647BC0E00E17909 /* 1924.png in Resources */ = {isa = PBXBuildFile; fileRef = BD856F7A2647BC0E00E17909 /* 1924.png */; };
		BD856FB42647BC0E00E17909 /* 1913.png in Resources */ = {isa = PBXBuildFile; fileRef = BD856F7B2647BC0E00E17909 /* 1913.png */; };
		BD856FB52647BC0E00E17909 /* 1940.png in Resources */ = {isa = PBXBuildFile; fileRef = BD856F7C2647BC0E00E17909 /* 1940.png */; };
		BD856FB62647BC0E00E17909 /* 1882.png in Resources */ = {isa = PBXBuildFile; fileRef = BD856F7D2647BC0E00E17909 /* 1882.png */; };
		BD856FB72647BC0E00E17909 /* 1890.png in Resources */ = {isa = PBXBuildFile; fileRef = BD856F7E2647BC0E00E17909 /* 1890.png */; };
		BD856FB82647BC0E00E17909 /* 1553.png in Resources */ = {isa = PBXBuildFile; fileRef = BD856F7F2647BC0E00E17909 /* 1553.png */; };
		BD856FB92647BC0E00E17909 /* 2070.png in Resources */ = {isa = PBXBuildFile; fileRef = BD856F802647BC0E00E17909 /* 2070.png */; };
		BD856FBA2647BC0E00E17909 /* 1811.png in Resources */ = {isa = PBXBuildFile; fileRef = BD856F812647BC0E00E17909 /* 1811.png */; };
		BD856FBB2647BC0E00E17909 /* 2089.png in Resources */ = {isa = PBXBuildFile; fileRef = BD856F822647BC0E00E17909 /* 2089.png */; };
		BD856FBE2647CC7600E17909 /* 2.csv in Resources */ = {isa = PBXBuildFile; fileRef = BD856FBD2647CC7600E17909 /* 2.csv */; };
		BD856FC22647F69300E17909 /* BRCity.json in Resources */ = {isa = PBXBuildFile; fileRef = BD856FC12647F69300E17909 /* BRCity.json */; };
		BD856FC72647F7F300E17909 /* BRAddressModel.m in Sources */ = {isa = PBXBuildFile; fileRef = BD856FC62647F7F300E17909 /* BRAddressModel.m */; };
		BDA23FCF2625D405000B3B8B /* WebViewController.m in Sources */ = {isa = PBXBuildFile; fileRef = BDA23FCE2625D405000B3B8B /* WebViewController.m */; };
		BDA23FD62625D705000B3B8B /* URLSchemeHandler.m in Sources */ = {isa = PBXBuildFile; fileRef = BDA23FD52625D705000B3B8B /* URLSchemeHandler.m */; };
		BDA23FD92625DE75000B3B8B /* MobileCoreServices.framework in Frameworks */ = {isa = PBXBuildFile; fileRef = BDA23FD82625DE75000B3B8B /* MobileCoreServices.framework */; };
		BDA23FE12625EA1F000B3B8B /* WKWebView+Custom.m in Sources */ = {isa = PBXBuildFile; fileRef = BDA23FE02625EA1F000B3B8B /* WKWebView+Custom.m */; };
		BDDAE1F4263E93E900457C9D /* 1.csv in Resources */ = {isa = PBXBuildFile; fileRef = BDDAE1F3263E93E900457C9D /* 1.csv */; };
		BDDAE20626423F6000457C9D /* FacematchController.m in Sources */ = {isa = PBXBuildFile; fileRef = BDDAE20526423F5F00457C9D /* FacematchController.m */; };
		BDDAE2D926427A7A00457C9D /* UIImage+GCAdd.m in Sources */ = {isa = PBXBuildFile; fileRef = BDDAE2D426427A7A00457C9D /* UIImage+GCAdd.m */; };
		BDDAE2DA26427A7A00457C9D /* JQResulltViewController.m in Sources */ = {isa = PBXBuildFile; fileRef = BDDAE2D526427A7A00457C9D /* JQResulltViewController.m */; };
		BDDAE2DB26427A7A00457C9D /* JQUploadPicRequest.m in Sources */ = {isa = PBXBuildFile; fileRef = BDDAE2D826427A7A00457C9D /* JQUploadPicRequest.m */; };
		BDDAE3142642DB7900457C9D /* MMLocationParser.m in Sources */ = {isa = PBXBuildFile; fileRef = BDDAE3132642DB7800457C9D /* MMLocationParser.m */; };
		BDFA6E6625A34004005C59CF /* AppDelegate.m in Sources */ = {isa = PBXBuildFile; fileRef = BDFA6E6525A34004005C59CF /* AppDelegate.m */; };
		BDFA6E6C25A34004005C59CF /* ViewController.m in Sources */ = {isa = PBXBuildFile; fileRef = BDFA6E6B25A34004005C59CF /* ViewController.m */; };
		BDFA6E7125A34006005C59CF /* Assets.xcassets in Resources */ = {isa = PBXBuildFile; fileRef = BDFA6E7025A34006005C59CF /* Assets.xcassets */; };
		BDFA6E7425A34006005C59CF /* LaunchScreen.storyboard in Resources */ = {isa = PBXBuildFile; fileRef = BDFA6E7225A34006005C59CF /* LaunchScreen.storyboard */; };
		BDFA6E7725A34006005C59CF /* main.m in Sources */ = {isa = PBXBuildFile; fileRef = BDFA6E7625A34006005C59CF /* main.m */; };
		BDFA6E8125A340CB005C59CF /* OneController.m in Sources */ = {isa = PBXBuildFile; fileRef = BDFA6E8025A340CB005C59CF /* OneController.m */; };
		BDFA6E8725A340D6005C59CF /* TwoController.m in Sources */ = {isa = PBXBuildFile; fileRef = BDFA6E8625A340D6005C59CF /* TwoController.m */; };
/* End PBXBuildFile section */

/* Begin PBXFileReference section */
		1F4C433743BD5833F3737EC9 /* Pods_Test.framework */ = {isa = PBXFileReference; explicitFileType = wrapper.framework; includeInIndex = 0; path = Pods_Test.framework; sourceTree = BUILT_PRODUCTS_DIR; };
		A6A42332C79C7C099CB45AB2 /* Pods-Test.release.xcconfig */ = {isa = PBXFileReference; includeInIndex = 1; lastKnownFileType = text.xcconfig; name = "Pods-Test.release.xcconfig"; path = "Target Support Files/Pods-Test/Pods-Test.release.xcconfig"; sourceTree = "<group>"; };
		BD4AFABE2648DB2C0049222C /* PictureNamingController.h */ = {isa = PBXFileReference; lastKnownFileType = sourcecode.c.h; path = PictureNamingController.h; sourceTree = "<group>"; };
		BD4AFABF2648DB2D0049222C /* PictureNamingController.m */ = {isa = PBXFileReference; lastKnownFileType = sourcecode.c.objc; path = PictureNamingController.m; sourceTree = "<group>"; };
		BD6BDD572645182B00C67FE1 /* PrefixHeader.pch */ = {isa = PBXFileReference; lastKnownFileType = sourcecode.c.h; path = PrefixHeader.pch; sourceTree = "<group>"; };
		BD856F4A2647BC0B00E17909 /* 1651.png */ = {isa = PBXFileReference; lastKnownFileType = image.png; path = 1651.png; sourceTree = "<group>"; };
		BD856F4B2647BC0B00E17909 /* 1564.png */ = {isa = PBXFileReference; lastKnownFileType = image.png; path = 1564.png; sourceTree = "<group>"; };
		BD856F4C2647BC0B00E17909 /* 1597.png */ = {isa = PBXFileReference; lastKnownFileType = image.png; path = 1597.png; sourceTree = "<group>"; };
		BD856F4D2647BC0B00E17909 /* 1565.png */ = {isa = PBXFileReference; lastKnownFileType = image.png; path = 1565.png; sourceTree = "<group>"; };
		BD856F4E2647BC0B00E17909 /* 1933.png */ = {isa = PBXFileReference; lastKnownFileType = image.png; path = 1933.png; sourceTree = "<group>"; };
		BD856F4F2647BC0B00E17909 /* 1847.png */ = {isa = PBXFileReference; lastKnownFileType = image.png; path = 1847.png; sourceTree = "<group>"; };
		BD856F502647BC0C00E17909 /* 1715.png */ = {isa = PBXFileReference; lastKnownFileType = image.png; path = 1715.png; sourceTree = "<group>"; };
		BD856F512647BC0C00E17909 /* 1979.png */ = {isa = PBXFileReference; lastKnownFileType = image.png; path = 1979.png; sourceTree = "<group>"; };
		BD856F522647BC0C00E17909 /* 2076.png */ = {isa = PBXFileReference; lastKnownFileType = image.png; path = 2076.png; sourceTree = "<group>"; };
		BD856F532647BC0C00E17909 /* 1956.png */ = {isa = PBXFileReference; lastKnownFileType = image.png; path = 1956.png; sourceTree = "<group>"; };
		BD856F542647BC0C00E17909 /* 1789.png */ = {isa = PBXFileReference; lastKnownFileType = image.png; path = 1789.png; sourceTree = "<group>"; };
		BD856F552647BC0C00E17909 /* 1523.png */ = {isa = PBXFileReference; lastKnownFileType = image.png; path = 1523.png; sourceTree = "<group>"; };
		BD856F562647BC0C00E17909 /* 1654.png */ = {isa = PBXFileReference; lastKnownFileType = image.png; path = 1654.png; sourceTree = "<group>"; };
		BD856F572647BC0C00E17909 /* 1996.png */ = {isa = PBXFileReference; lastKnownFileType = image.png; path = 1996.png; sourceTree = "<group>"; };
		BD856F582647BC0C00E17909 /* 1929.png */ = {isa = PBXFileReference; lastKnownFileType = image.png; path = 1929.png; sourceTree = "<group>"; };
		BD856F592647BC0C00E17909 /* 2087.png */ = {isa = PBXFileReference; lastKnownFileType = image.png; path = 2087.png; sourceTree = "<group>"; };
		BD856F5A2647BC0C00E17909 /* 1667.png */ = {isa = PBXFileReference; lastKnownFileType = image.png; path = 1667.png; sourceTree = "<group>"; };
		BD856F5B2647BC0C00E17909 /* 2013.png */ = {isa = PBXFileReference; lastKnownFileType = image.png; path = 2013.png; sourceTree = "<group>"; };
		BD856F5C2647BC0C00E17909 /* 2075.png */ = {isa = PBXFileReference; lastKnownFileType = image.png; path = 2075.png; sourceTree = "<group>"; };
		BD856F5D2647BC0C00E17909 /* 1983.png */ = {isa = PBXFileReference; lastKnownFileType = image.png; path = 1983.png; sourceTree = "<group>"; };
		BD856F5E2647BC0C00E17909 /* 1666.png */ = {isa = PBXFileReference; lastKnownFileType = image.png; path = 1666.png; sourceTree = "<group>"; };
		BD856F5F2647BC0D00E17909 /* 2047.png */ = {isa = PBXFileReference; lastKnownFileType = image.png; path = 2047.png; sourceTree = "<group>"; };
		BD856F602647BC0D00E17909 /* 1615.png */ = {isa = PBXFileReference; lastKnownFileType = image.png; path = 1615.png; sourceTree = "<group>"; };
		BD856F612647BC0D00E17909 /* 1812.png */ = {isa = PBXFileReference; lastKnownFileType = image.png; path = 1812.png; sourceTree = "<group>"; };
		BD856F622647BC0D00E17909 /* 1543.png */ = {isa = PBXFileReference; lastKnownFileType = image.png; path = 1543.png; sourceTree = "<group>"; };
		BD856F632647BC0D00E17909 /* 2067.png */ = {isa = PBXFileReference; lastKnownFileType = image.png; path = 2067.png; sourceTree = "<group>"; };
		BD856F642647BC0D00E17909 /* 2012.png */ = {isa = PBXFileReference; lastKnownFileType = image.png; path = 2012.png; sourceTree = "<group>"; };
		BD856F652647BC0D00E17909 /* 1915.png */ = {isa = PBXFileReference; lastKnownFileType = image.png; path = 1915.png; sourceTree = "<group>"; };
		BD856F662647BC0D00E17909 /* 1703.png */ = {isa = PBXFileReference; lastKnownFileType = image.png; path = 1703.png; sourceTree = "<group>"; };
		BD856F672647BC0D00E17909 /* 2095.png */ = {isa = PBXFileReference; lastKnownFileType = image.png; path = 2095.png; sourceTree = "<group>"; };
		BD856F682647BC0D00E17909 /* 1963.png */ = {isa = PBXFileReference; lastKnownFileType = image.png; path = 1963.png; sourceTree = "<group>"; };
		BD856F692647BC0D00E17909 /* 1984.png */ = {isa = PBXFileReference; lastKnownFileType = image.png; path = 1984.png; sourceTree = "<group>"; };
		BD856F6A2647BC0D00E17909 /* 1908.png */ = {isa = PBXFileReference; lastKnownFileType = image.png; path = 1908.png; sourceTree = "<group>"; };
		BD856F6B2647BC0D00E17909 /* 1582.png */ = {isa = PBXFileReference; lastKnownFileType = image.png; path = 1582.png; sourceTree = "<group>"; };
		BD856F6C2647BC0D00E17909 /* 1678.png */ = {isa = PBXFileReference; lastKnownFileType = image.png; path = 1678.png; sourceTree = "<group>"; };
		BD856F6D2647BC0D00E17909 /* 2091.png */ = {isa = PBXFileReference; lastKnownFileType = image.png; path = 2091.png; sourceTree = "<group>"; };
		BD856F6E2647BC0D00E17909 /* 1722.png */ = {isa = PBXFileReference; lastKnownFileType = image.png; path = 1722.png; sourceTree = "<group>"; };
		BD856F6F2647BC0D00E17909 /* 2056.png */ = {isa = PBXFileReference; lastKnownFileType = image.png; path = 2056.png; sourceTree = "<group>"; };
		BD856F702647BC0D00E17909 /* 1732.png */ = {isa = PBXFileReference; lastKnownFileType = image.png; path = 1732.png; sourceTree = "<group>"; };
		BD856F712647BC0D00E17909 /* 1918.png */ = {isa = PBXFileReference; lastKnownFileType = image.png; path = 1918.png; sourceTree = "<group>"; };
		BD856F722647BC0D00E17909 /* 1931.png */ = {isa = PBXFileReference; lastKnownFileType = image.png; path = 1931.png; sourceTree = "<group>"; };
		BD856F732647BC0E00E17909 /* 2053.png */ = {isa = PBXFileReference; lastKnownFileType = image.png; path = 2053.png; sourceTree = "<group>"; };
		BD856F742647BC0E00E17909 /* 1653.png */ = {isa = PBXFileReference; lastKnownFileType = image.png; path = 1653.png; sourceTree = "<group>"; };
		BD856F752647BC0E00E17909 /* 2105.png */ = {isa = PBXFileReference; lastKnownFileType = image.png; path = 2105.png; sourceTree = "<group>"; };
		BD856F762647BC0E00E17909 /* 1687.png */ = {isa = PBXFileReference; lastKnownFileType = image.png; path = 1687.png; sourceTree = "<group>"; };
		BD856F772647BC0E00E17909 /* 1922.png */ = {isa = PBXFileReference; lastKnownFileType = image.png; path = 1922.png; sourceTree = "<group>"; };
		BD856F782647BC0E00E17909 /* 1680.png */ = {isa = PBXFileReference; lastKnownFileType = image.png; path = 1680.png; sourceTree = "<group>"; };
		BD856F792647BC0E00E17909 /* 1948.png */ = {isa = PBXFileReference; lastKnownFileType = image.png; path = 1948.png; sourceTree = "<group>"; };
		BD856F7A2647BC0E00E17909 /* 1924.png */ = {isa = PBXFileReference; lastKnownFileType = image.png; path = 1924.png; sourceTree = "<group>"; };
		BD856F7B2647BC0E00E17909 /* 1913.png */ = {isa = PBXFileReference; lastKnownFileType = image.png; path = 1913.png; sourceTree = "<group>"; };
		BD856F7C2647BC0E00E17909 /* 1940.png */ = {isa = PBXFileReference; lastKnownFileType = image.png; path = 1940.png; sourceTree = "<group>"; };
		BD856F7D2647BC0E00E17909 /* 1882.png */ = {isa = PBXFileReference; lastKnownFileType = image.png; path = 1882.png; sourceTree = "<group>"; };
		BD856F7E2647BC0E00E17909 /* 1890.png */ = {isa = PBXFileReference; lastKnownFileType = image.png; path = 1890.png; sourceTree = "<group>"; };
		BD856F7F2647BC0E00E17909 /* 1553.png */ = {isa = PBXFileReference; lastKnownFileType = image.png; path = 1553.png; sourceTree = "<group>"; };
		BD856F802647BC0E00E17909 /* 2070.png */ = {isa = PBXFileReference; lastKnownFileType = image.png; path = 2070.png; sourceTree = "<group>"; };
		BD856F812647BC0E00E17909 /* 1811.png */ = {isa = PBXFileReference; lastKnownFileType = image.png; path = 1811.png; sourceTree = "<group>"; };
		BD856F822647BC0E00E17909 /* 2089.png */ = {isa = PBXFileReference; lastKnownFileType = image.png; path = 2089.png; sourceTree = "<group>"; };
		BD856FBD2647CC7600E17909 /* 2.csv */ = {isa = PBXFileReference; fileEncoding = 4; lastKnownFileType = text; path = 2.csv; sourceTree = "<group>"; };
		BD856FC12647F69300E17909 /* BRCity.json */ = {isa = PBXFileReference; fileEncoding = 4; lastKnownFileType = text.json; path = BRCity.json; sourceTree = "<group>"; };
		BD856FC52647F7F300E17909 /* BRAddressModel.h */ = {isa = PBXFileReference; fileEncoding = 4; lastKnownFileType = sourcecode.c.h; path = BRAddressModel.h; sourceTree = "<group>"; };
		BD856FC62647F7F300E17909 /* BRAddressModel.m */ = {isa = PBXFileReference; fileEncoding = 4; lastKnownFileType = sourcecode.c.objc; path = BRAddressModel.m; sourceTree = "<group>"; };
		BDA23FCD2625D405000B3B8B /* WebViewController.h */ = {isa = PBXFileReference; lastKnownFileType = sourcecode.c.h; path = WebViewController.h; sourceTree = "<group>"; };
		BDA23FCE2625D405000B3B8B /* WebViewController.m */ = {isa = PBXFileReference; lastKnownFileType = sourcecode.c.objc; path = WebViewController.m; sourceTree = "<group>"; };
		BDA23FD42625D705000B3B8B /* URLSchemeHandler.h */ = {isa = PBXFileReference; lastKnownFileType = sourcecode.c.h; path = URLSchemeHandler.h; sourceTree = "<group>"; };
		BDA23FD52625D705000B3B8B /* URLSchemeHandler.m */ = {isa = PBXFileReference; lastKnownFileType = sourcecode.c.objc; path = URLSchemeHandler.m; sourceTree = "<group>"; };
		BDA23FD82625DE75000B3B8B /* MobileCoreServices.framework */ = {isa = PBXFileReference; lastKnownFileType = wrapper.framework; name = MobileCoreServices.framework; path = System/Library/Frameworks/MobileCoreServices.framework; sourceTree = SDKROOT; };
		BDA23FDF2625EA1F000B3B8B /* WKWebView+Custom.h */ = {isa = PBXFileReference; lastKnownFileType = sourcecode.c.h; path = "WKWebView+Custom.h"; sourceTree = "<group>"; };
		BDA23FE02625EA1F000B3B8B /* WKWebView+Custom.m */ = {isa = PBXFileReference; lastKnownFileType = sourcecode.c.objc; path = "WKWebView+Custom.m"; sourceTree = "<group>"; };
		BDDAE1F3263E93E900457C9D /* 1.csv */ = {isa = PBXFileReference; fileEncoding = 4; lastKnownFileType = text; path = 1.csv; sourceTree = "<group>"; };
		BDDAE20426423F5F00457C9D /* FacematchController.h */ = {isa = PBXFileReference; lastKnownFileType = sourcecode.c.h; path = FacematchController.h; sourceTree = "<group>"; };
		BDDAE20526423F5F00457C9D /* FacematchController.m */ = {isa = PBXFileReference; lastKnownFileType = sourcecode.c.objc; path = FacematchController.m; sourceTree = "<group>"; };
		BDDAE2D326427A7A00457C9D /* JQUploadPicRequest.h */ = {isa = PBXFileReference; fileEncoding = 4; lastKnownFileType = sourcecode.c.h; path = JQUploadPicRequest.h; sourceTree = "<group>"; };
		BDDAE2D426427A7A00457C9D /* UIImage+GCAdd.m */ = {isa = PBXFileReference; fileEncoding = 4; lastKnownFileType = sourcecode.c.objc; path = "UIImage+GCAdd.m"; sourceTree = "<group>"; };
		BDDAE2D526427A7A00457C9D /* JQResulltViewController.m */ = {isa = PBXFileReference; fileEncoding = 4; lastKnownFileType = sourcecode.c.objc; path = JQResulltViewController.m; sourceTree = "<group>"; };
		BDDAE2D626427A7A00457C9D /* JQResulltViewController.h */ = {isa = PBXFileReference; fileEncoding = 4; lastKnownFileType = sourcecode.c.h; path = JQResulltViewController.h; sourceTree = "<group>"; };
		BDDAE2D726427A7A00457C9D /* UIImage+GCAdd.h */ = {isa = PBXFileReference; fileEncoding = 4; lastKnownFileType = sourcecode.c.h; path = "UIImage+GCAdd.h"; sourceTree = "<group>"; };
		BDDAE2D826427A7A00457C9D /* JQUploadPicRequest.m */ = {isa = PBXFileReference; fileEncoding = 4; lastKnownFileType = sourcecode.c.objc; path = JQUploadPicRequest.m; sourceTree = "<group>"; };
		BDDAE3122642DB7800457C9D /* MMLocationParser.h */ = {isa = PBXFileReference; fileEncoding = 4; lastKnownFileType = sourcecode.c.h; path = MMLocationParser.h; sourceTree = "<group>"; };
		BDDAE3132642DB7800457C9D /* MMLocationParser.m */ = {isa = PBXFileReference; fileEncoding = 4; lastKnownFileType = sourcecode.c.objc; path = MMLocationParser.m; sourceTree = "<group>"; };
		BDFA6E6125A34004005C59CF /* Test.app */ = {isa = PBXFileReference; explicitFileType = wrapper.application; includeInIndex = 0; path = Test.app; sourceTree = BUILT_PRODUCTS_DIR; };
		BDFA6E6425A34004005C59CF /* AppDelegate.h */ = {isa = PBXFileReference; lastKnownFileType = sourcecode.c.h; path = AppDelegate.h; sourceTree = "<group>"; };
		BDFA6E6525A34004005C59CF /* AppDelegate.m */ = {isa = PBXFileReference; lastKnownFileType = sourcecode.c.objc; path = AppDelegate.m; sourceTree = "<group>"; };
		BDFA6E6A25A34004005C59CF /* ViewController.h */ = {isa = PBXFileReference; lastKnownFileType = sourcecode.c.h; path = ViewController.h; sourceTree = "<group>"; };
		BDFA6E6B25A34004005C59CF /* ViewController.m */ = {isa = PBXFileReference; lastKnownFileType = sourcecode.c.objc; path = ViewController.m; sourceTree = "<group>"; };
		BDFA6E7025A34006005C59CF /* Assets.xcassets */ = {isa = PBXFileReference; lastKnownFileType = folder.assetcatalog; path = Assets.xcassets; sourceTree = "<group>"; };
		BDFA6E7325A34006005C59CF /* Base */ = {isa = PBXFileReference; lastKnownFileType = file.storyboard; name = Base; path = Base.lproj/LaunchScreen.storyboard; sourceTree = "<group>"; };
		BDFA6E7525A34006005C59CF /* Info.plist */ = {isa = PBXFileReference; lastKnownFileType = text.plist.xml; path = Info.plist; sourceTree = "<group>"; };
		BDFA6E7625A34006005C59CF /* main.m */ = {isa = PBXFileReference; lastKnownFileType = sourcecode.c.objc; path = main.m; sourceTree = "<group>"; };
		BDFA6E7F25A340CB005C59CF /* OneController.h */ = {isa = PBXFileReference; lastKnownFileType = sourcecode.c.h; path = OneController.h; sourceTree = "<group>"; };
		BDFA6E8025A340CB005C59CF /* OneController.m */ = {isa = PBXFileReference; lastKnownFileType = sourcecode.c.objc; path = OneController.m; sourceTree = "<group>"; };
		BDFA6E8525A340D6005C59CF /* TwoController.h */ = {isa = PBXFileReference; lastKnownFileType = sourcecode.c.h; path = TwoController.h; sourceTree = "<group>"; };
		BDFA6E8625A340D6005C59CF /* TwoController.m */ = {isa = PBXFileReference; lastKnownFileType = sourcecode.c.objc; path = TwoController.m; sourceTree = "<group>"; };
		ECF24A3D8D41607ADD4F41A1 /* Pods-Test.debug.xcconfig */ = {isa = PBXFileReference; includeInIndex = 1; lastKnownFileType = text.xcconfig; name = "Pods-Test.debug.xcconfig"; path = "Target Support Files/Pods-Test/Pods-Test.debug.xcconfig"; sourceTree = "<group>"; };
/* End PBXFileReference section */

/* Begin PBXFrameworksBuildPhase section */
		BDFA6E5E25A34004005C59CF /* Frameworks */ = {
			isa = PBXFrameworksBuildPhase;
			buildActionMask = 2147483647;
			files = (
				BDA23FD92625DE75000B3B8B /* MobileCoreServices.framework in Frameworks */,
				590F7C40C8BAE71A9780E40D /* Pods_Test.framework in Frameworks */,
			);
			runOnlyForDeploymentPostprocessing = 0;
		};
/* End PBXFrameworksBuildPhase section */

/* Begin PBXGroup section */
		7A51558541255451E4B74393 /* Frameworks */ = {
			isa = PBXGroup;
			children = (
				BDA23FD82625DE75000B3B8B /* MobileCoreServices.framework */,
				1F4C433743BD5833F3737EC9 /* Pods_Test.framework */,
			);
			name = Frameworks;
			sourceTree = "<group>";
		};
		BD6BDBC626450CEA00C67FE1 /* photos */ = {
			isa = PBXGroup;
			children = (
				BD856F552647BC0C00E17909 /* 1523.png */,
				BD856F622647BC0D00E17909 /* 1543.png */,
				BD856F7F2647BC0E00E17909 /* 1553.png */,
				BD856F4B2647BC0B00E17909 /* 1564.png */,
				BD856F4D2647BC0B00E17909 /* 1565.png */,
				BD856F6B2647BC0D00E17909 /* 1582.png */,
				BD856F4C2647BC0B00E17909 /* 1597.png */,
				BD856F602647BC0D00E17909 /* 1615.png */,
				BD856F4A2647BC0B00E17909 /* 1651.png */,
				BD856F742647BC0E00E17909 /* 1653.png */,
				BD856F562647BC0C00E17909 /* 1654.png */,
				BD856F5E2647BC0C00E17909 /* 1666.png */,
				BD856F5A2647BC0C00E17909 /* 1667.png */,
				BD856F6C2647BC0D00E17909 /* 1678.png */,
				BD856F782647BC0E00E17909 /* 1680.png */,
				BD856F762647BC0E00E17909 /* 1687.png */,
				BD856F662647BC0D00E17909 /* 1703.png */,
				BD856F502647BC0C00E17909 /* 1715.png */,
				BD856F6E2647BC0D00E17909 /* 1722.png */,
				BD856F702647BC0D00E17909 /* 1732.png */,
				BD856F542647BC0C00E17909 /* 1789.png */,
				BD856F812647BC0E00E17909 /* 1811.png */,
				BD856F612647BC0D00E17909 /* 1812.png */,
				BD856F4F2647BC0B00E17909 /* 1847.png */,
				BD856F7D2647BC0E00E17909 /* 1882.png */,
				BD856F7E2647BC0E00E17909 /* 1890.png */,
				BD856F6A2647BC0D00E17909 /* 1908.png */,
				BD856F7B2647BC0E00E17909 /* 1913.png */,
				BD856F652647BC0D00E17909 /* 1915.png */,
				BD856F712647BC0D00E17909 /* 1918.png */,
				BD856F772647BC0E00E17909 /* 1922.png */,
				BD856F7A2647BC0E00E17909 /* 1924.png */,
				BD856F582647BC0C00E17909 /* 1929.png */,
				BD856F722647BC0D00E17909 /* 1931.png */,
				BD856F4E2647BC0B00E17909 /* 1933.png */,
				BD856F7C2647BC0E00E17909 /* 1940.png */,
				BD856F792647BC0E00E17909 /* 1948.png */,
				BD856F532647BC0C00E17909 /* 1956.png */,
				BD856F682647BC0D00E17909 /* 1963.png */,
				BD856F512647BC0C00E17909 /* 1979.png */,
				BD856F5D2647BC0C00E17909 /* 1983.png */,
				BD856F692647BC0D00E17909 /* 1984.png */,
				BD856F572647BC0C00E17909 /* 1996.png */,
				BD856F642647BC0D00E17909 /* 2012.png */,
				BD856F5B2647BC0C00E17909 /* 2013.png */,
				BD856F5F2647BC0D00E17909 /* 2047.png */,
				BD856F732647BC0E00E17909 /* 2053.png */,
				BD856F6F2647BC0D00E17909 /* 2056.png */,
				BD856F632647BC0D00E17909 /* 2067.png */,
				BD856F802647BC0E00E17909 /* 2070.png */,
				BD856F5C2647BC0C00E17909 /* 2075.png */,
				BD856F522647BC0C00E17909 /* 2076.png */,
				BD856F592647BC0C00E17909 /* 2087.png */,
				BD856F822647BC0E00E17909 /* 2089.png */,
				BD856F6D2647BC0D00E17909 /* 2091.png */,
				BD856F672647BC0D00E17909 /* 2095.png */,
				BD856F752647BC0E00E17909 /* 2105.png */,
			);
			path = photos;
			sourceTree = "<group>";
		};
		BD856FC42647F7C800E17909 /* BRAddress */ = {
			isa = PBXGroup;
			children = (
				BD856FC52647F7F300E17909 /* BRAddressModel.h */,
				BD856FC62647F7F300E17909 /* BRAddressModel.m */,
			);
			path = BRAddress;
			sourceTree = "<group>";
		};
		BDDAE2D226427A7A00457C9D /* JQFaceOCR */ = {
			isa = PBXGroup;
			children = (
				BDDAE2D326427A7A00457C9D /* JQUploadPicRequest.h */,
				BDDAE2D426427A7A00457C9D /* UIImage+GCAdd.m */,
				BDDAE2D526427A7A00457C9D /* JQResulltViewController.m */,
				BDDAE2D626427A7A00457C9D /* JQResulltViewController.h */,
				BDDAE2D726427A7A00457C9D /* UIImage+GCAdd.h */,
				BDDAE2D826427A7A00457C9D /* JQUploadPicRequest.m */,
			);
			path = JQFaceOCR;
			sourceTree = "<group>";
		};
		BDDAE3112642DB6B00457C9D /* MMLocationParser */ = {
			isa = PBXGroup;
			children = (
				BDDAE3122642DB7800457C9D /* MMLocationParser.h */,
				BDDAE3132642DB7800457C9D /* MMLocationParser.m */,
			);
			path = MMLocationParser;
			sourceTree = "<group>";
		};
		BDFA6E5825A34004005C59CF = {
			isa = PBXGroup;
			children = (
				BDFA6E6325A34004005C59CF /* Test */,
				BDFA6E6225A34004005C59CF /* Products */,
				D47FD1B9B75A68DF07F00518 /* Pods */,
				7A51558541255451E4B74393 /* Frameworks */,
			);
			sourceTree = "<group>";
		};
		BDFA6E6225A34004005C59CF /* Products */ = {
			isa = PBXGroup;
			children = (
				BDFA6E6125A34004005C59CF /* Test.app */,
			);
			name = Products;
			sourceTree = "<group>";
		};
		BDFA6E6325A34004005C59CF /* Test */ = {
			isa = PBXGroup;
			children = (
				BDDAE1F3263E93E900457C9D /* 1.csv */,
				BD856FBD2647CC7600E17909 /* 2.csv */,
				BDFA6E6425A34004005C59CF /* AppDelegate.h */,
				BDFA6E6525A34004005C59CF /* AppDelegate.m */,
				BDFA6E7025A34006005C59CF /* Assets.xcassets */,
				BD856FC42647F7C800E17909 /* BRAddress */,
				BD856FC12647F69300E17909 /* BRCity.json */,
				BDDAE20426423F5F00457C9D /* FacematchController.h */,
				BDDAE20526423F5F00457C9D /* FacematchController.m */,
				BDFA6E7525A34006005C59CF /* Info.plist */,
				BDDAE2D226427A7A00457C9D /* JQFaceOCR */,
				BDFA6E7225A34006005C59CF /* LaunchScreen.storyboard */,
				BDFA6E7625A34006005C59CF /* main.m */,
				BDDAE3112642DB6B00457C9D /* MMLocationParser */,
				BDFA6E7F25A340CB005C59CF /* OneController.h */,
				BDFA6E8025A340CB005C59CF /* OneController.m */,
				BD6BDBC626450CEA00C67FE1 /* photos */,
				BD4AFABE2648DB2C0049222C /* PictureNamingController.h */,
				BD4AFABF2648DB2D0049222C /* PictureNamingController.m */,
				BD6BDD572645182B00C67FE1 /* PrefixHeader.pch */,
				BDFA6E8525A340D6005C59CF /* TwoController.h */,
				BDFA6E8625A340D6005C59CF /* TwoController.m */,
				BDA23FD42625D705000B3B8B /* URLSchemeHandler.h */,
				BDA23FD52625D705000B3B8B /* URLSchemeHandler.m */,
				BDFA6E6A25A34004005C59CF /* ViewController.h */,
				BDFA6E6B25A34004005C59CF /* ViewController.m */,
				BDA23FCD2625D405000B3B8B /* WebViewController.h */,
				BDA23FCE2625D405000B3B8B /* WebViewController.m */,
				BDA23FDF2625EA1F000B3B8B /* WKWebView+Custom.h */,
				BDA23FE02625EA1F000B3B8B /* WKWebView+Custom.m */,
			);
			path = Test;
			sourceTree = "<group>";
		};
		D47FD1B9B75A68DF07F00518 /* Pods */ = {
			isa = PBXGroup;
			children = (
				ECF24A3D8D41607ADD4F41A1 /* Pods-Test.debug.xcconfig */,
				A6A42332C79C7C099CB45AB2 /* Pods-Test.release.xcconfig */,
			);
			path = Pods;
			sourceTree = "<group>";
		};
/* End PBXGroup section */

/* Begin PBXNativeTarget section */
		BDFA6E6025A34004005C59CF /* Test */ = {
			isa = PBXNativeTarget;
			buildConfigurationList = BDFA6E7A25A34006005C59CF /* Build configuration list for PBXNativeTarget "Test" */;
			buildPhases = (
				D938B16045D0FD32E326815B /* [CP] Check Pods Manifest.lock */,
				BDFA6E5D25A34004005C59CF /* Sources */,
				BDFA6E5E25A34004005C59CF /* Frameworks */,
				BDFA6E5F25A34004005C59CF /* Resources */,
				F7C5EC0F02CC25A1CC53AAF4 /* [CP] Embed Pods Frameworks */,
			);
			buildRules = (
			);
			dependencies = (
			);
			name = Test;
			productName = Test;
			productReference = BDFA6E6125A34004005C59CF /* Test.app */;
			productType = "com.apple.product-type.application";
		};
/* End PBXNativeTarget section */

/* Begin PBXProject section */
		BDFA6E5925A34004005C59CF /* Project object */ = {
			isa = PBXProject;
			attributes = {
				LastUpgradeCheck = 1200;
				TargetAttributes = {
					BDFA6E6025A34004005C59CF = {
						CreatedOnToolsVersion = 12.0;
					};
				};
			};
			buildConfigurationList = BDFA6E5C25A34004005C59CF /* Build configuration list for PBXProject "Test" */;
			compatibilityVersion = "Xcode 9.3";
			developmentRegion = en;
			hasScannedForEncodings = 0;
			knownRegions = (
				en,
				Base,
			);
			mainGroup = BDFA6E5825A34004005C59CF;
			productRefGroup = BDFA6E6225A34004005C59CF /* Products */;
			projectDirPath = "";
			projectRoot = "";
			targets = (
				BDFA6E6025A34004005C59CF /* Test */,
			);
		};
/* End PBXProject section */

/* Begin PBXResourcesBuildPhase section */
		BDFA6E5F25A34004005C59CF /* Resources */ = {
			isa = PBXResourcesBuildPhase;
			buildActionMask = 2147483647;
			files = (
				BD856FB12647BC0E00E17909 /* 1680.png in Resources */,
				BD856F992647BC0E00E17909 /* 1615.png in Resources */,
				BD856F962647BC0E00E17909 /* 1983.png in Resources */,
				BD856FB92647BC0E00E17909 /* 2070.png in Resources */,
				BD856F902647BC0E00E17909 /* 1996.png in Resources */,
				BD856FAE2647BC0E00E17909 /* 2105.png in Resources */,
				BD856F872647BC0E00E17909 /* 1933.png in Resources */,
				BDDAE1F4263E93E900457C9D /* 1.csv in Resources */,
				BD856F9D2647BC0E00E17909 /* 2012.png in Resources */,
				BD856FB02647BC0E00E17909 /* 1922.png in Resources */,
				BD856FB22647BC0E00E17909 /* 1948.png in Resources */,
				BD856F892647BC0E00E17909 /* 1715.png in Resources */,
				BD856FA62647BC0E00E17909 /* 2091.png in Resources */,
				BDFA6E7425A34006005C59CF /* LaunchScreen.storyboard in Resources */,
				BD856F832647BC0E00E17909 /* 1651.png in Resources */,
				BD856FA22647BC0E00E17909 /* 1984.png in Resources */,
				BD856F972647BC0E00E17909 /* 1666.png in Resources */,
				BD856F842647BC0E00E17909 /* 1564.png in Resources */,
				BD856F9E2647BC0E00E17909 /* 1915.png in Resources */,
				BD856F8E2647BC0E00E17909 /* 1523.png in Resources */,
				BD856F982647BC0E00E17909 /* 2047.png in Resources */,
				BD856FBB2647BC0E00E17909 /* 2089.png in Resources */,
				BD856FB32647BC0E00E17909 /* 1924.png in Resources */,
				BD856F9C2647BC0E00E17909 /* 2067.png in Resources */,
				BD856FB52647BC0E00E17909 /* 1940.png in Resources */,
				BD856F9F2647BC0E00E17909 /* 1703.png in Resources */,
				BD856FA82647BC0E00E17909 /* 2056.png in Resources */,
				BD856F862647BC0E00E17909 /* 1565.png in Resources */,
				BD856FAD2647BC0E00E17909 /* 1653.png in Resources */,
				BD856F932647BC0E00E17909 /* 1667.png in Resources */,
				BD856FB42647BC0E00E17909 /* 1913.png in Resources */,
				BD856F952647BC0E00E17909 /* 2075.png in Resources */,
				BD856FA02647BC0E00E17909 /* 2095.png in Resources */,
				BD856F8F2647BC0E00E17909 /* 1654.png in Resources */,
				BD856FA92647BC0E00E17909 /* 1732.png in Resources */,
				BD856FAC2647BC0E00E17909 /* 2053.png in Resources */,
				BD856F912647BC0E00E17909 /* 1929.png in Resources */,
				BD856FBE2647CC7600E17909 /* 2.csv in Resources */,
				BD856FA72647BC0E00E17909 /* 1722.png in Resources */,
				BD856FAB2647BC0E00E17909 /* 1931.png in Resources */,
				BD856FB82647BC0E00E17909 /* 1553.png in Resources */,
				BD856F852647BC0E00E17909 /* 1597.png in Resources */,
				BD856FA52647BC0E00E17909 /* 1678.png in Resources */,
				BD856F922647BC0E00E17909 /* 2087.png in Resources */,
				BD856FBA2647BC0E00E17909 /* 1811.png in Resources */,
				BD856F9A2647BC0E00E17909 /* 1812.png in Resources */,
				BD856FC22647F69300E17909 /* BRCity.json in Resources */,
				BD856F882647BC0E00E17909 /* 1847.png in Resources */,
				BD856F942647BC0E00E17909 /* 2013.png in Resources */,
				BD856FA12647BC0E00E17909 /* 1963.png in Resources */,
				BD856FA42647BC0E00E17909 /* 1582.png in Resources */,
				BD856F8A2647BC0E00E17909 /* 1979.png in Resources */,
				BDFA6E7125A34006005C59CF /* Assets.xcassets in Resources */,
				BD856FB72647BC0E00E17909 /* 1890.png in Resources */,
				BD856FAF2647BC0E00E17909 /* 1687.png in Resources */,
				BD856FAA2647BC0E00E17909 /* 1918.png in Resources */,
				BD856F9B2647BC0E00E17909 /* 1543.png in Resources */,
				BD856FA32647BC0E00E17909 /* 1908.png in Resources */,
				BD856F8D2647BC0E00E17909 /* 1789.png in Resources */,
				BD856F8C2647BC0E00E17909 /* 1956.png in Resources */,
				BD856FB62647BC0E00E17909 /* 1882.png in Resources */,
				BD856F8B2647BC0E00E17909 /* 2076.png in Resources */,
			);
			runOnlyForDeploymentPostprocessing = 0;
		};
/* End PBXResourcesBuildPhase section */

/* Begin PBXShellScriptBuildPhase section */
		D938B16045D0FD32E326815B /* [CP] Check Pods Manifest.lock */ = {
			isa = PBXShellScriptBuildPhase;
			buildActionMask = 2147483647;
			files = (
			);
			inputFileListPaths = (
			);
			inputPaths = (
				"${PODS_PODFILE_DIR_PATH}/Podfile.lock",
				"${PODS_ROOT}/Manifest.lock",
			);
			name = "[CP] Check Pods Manifest.lock";
			outputFileListPaths = (
			);
			outputPaths = (
				"$(DERIVED_FILE_DIR)/Pods-Test-checkManifestLockResult.txt",
			);
			runOnlyForDeploymentPostprocessing = 0;
			shellPath = /bin/sh;
			shellScript = "diff \"${PODS_PODFILE_DIR_PATH}/Podfile.lock\" \"${PODS_ROOT}/Manifest.lock\" > /dev/null\nif [ $? != 0 ] ; then\n    # print error to STDERR\n    echo \"error: The sandbox is not in sync with the Podfile.lock. Run 'pod install' or update your CocoaPods installation.\" >&2\n    exit 1\nfi\n# This output is used by Xcode 'outputs' to avoid re-running this script phase.\necho \"SUCCESS\" > \"${SCRIPT_OUTPUT_FILE_0}\"\n";
			showEnvVarsInLog = 0;
		};
		F7C5EC0F02CC25A1CC53AAF4 /* [CP] Embed Pods Frameworks */ = {
			isa = PBXShellScriptBuildPhase;
			buildActionMask = 2147483647;
			files = (
			);
			inputFileListPaths = (
				"${PODS_ROOT}/Target Support Files/Pods-Test/Pods-Test-frameworks-${CONFIGURATION}-input-files.xcfilelist",
			);
			name = "[CP] Embed Pods Frameworks";
			outputFileListPaths = (
				"${PODS_ROOT}/Target Support Files/Pods-Test/Pods-Test-frameworks-${CONFIGURATION}-output-files.xcfilelist",
			);
			runOnlyForDeploymentPostprocessing = 0;
			shellPath = /bin/sh;
			shellScript = "\"${PODS_ROOT}/Target Support Files/Pods-Test/Pods-Test-frameworks.sh\"\n";
			showEnvVarsInLog = 0;
		};
/* End PBXShellScriptBuildPhase section */

/* Begin PBXSourcesBuildPhase section */
		BDFA6E5D25A34004005C59CF /* Sources */ = {
			isa = PBXSourcesBuildPhase;
			buildActionMask = 2147483647;
			files = (
				BDDAE2DB26427A7A00457C9D /* JQUploadPicRequest.m in Sources */,
				BDFA6E6C25A34004005C59CF /* ViewController.m in Sources */,
				BDA23FCF2625D405000B3B8B /* WebViewController.m in Sources */,
				BDDAE20626423F6000457C9D /* FacematchController.m in Sources */,
				BDFA6E6625A34004005C59CF /* AppDelegate.m in Sources */,
				BDFA6E7725A34006005C59CF /* main.m in Sources */,
				BD4AFAC02648DB2D0049222C /* PictureNamingController.m in Sources */,
				BD856FC72647F7F300E17909 /* BRAddressModel.m in Sources */,
				BDDAE2D926427A7A00457C9D /* UIImage+GCAdd.m in Sources */,
				BDDAE2DA26427A7A00457C9D /* JQResulltViewController.m in Sources */,
				BDDAE3142642DB7900457C9D /* MMLocationParser.m in Sources */,
				BDA23FD62625D705000B3B8B /* URLSchemeHandler.m in Sources */,
				BDFA6E8125A340CB005C59CF /* OneController.m in Sources */,
				BDA23FE12625EA1F000B3B8B /* WKWebView+Custom.m in Sources */,
				BDFA6E8725A340D6005C59CF /* TwoController.m in Sources */,
			);
			runOnlyForDeploymentPostprocessing = 0;
		};
/* End PBXSourcesBuildPhase section */

/* Begin PBXVariantGroup section */
		BDFA6E7225A34006005C59CF /* LaunchScreen.storyboard */ = {
			isa = PBXVariantGroup;
			children = (
				BDFA6E7325A34006005C59CF /* Base */,
			);
			name = LaunchScreen.storyboard;
			sourceTree = "<group>";
		};
/* End PBXVariantGroup section */

/* Begin XCBuildConfiguration section */
		BDFA6E7825A34006005C59CF /* Debug */ = {
			isa = XCBuildConfiguration;
			buildSettings = {
				ALWAYS_SEARCH_USER_PATHS = NO;
				CLANG_ANALYZER_NONNULL = YES;
				CLANG_ANALYZER_NUMBER_OBJECT_CONVERSION = YES_AGGRESSIVE;
				CLANG_CXX_LANGUAGE_STANDARD = "gnu++14";
				CLANG_CXX_LIBRARY = "libc++";
				CLANG_ENABLE_MODULES = YES;
				CLANG_ENABLE_OBJC_ARC = YES;
				CLANG_ENABLE_OBJC_WEAK = YES;
				CLANG_WARN_BLOCK_CAPTURE_AUTORELEASING = YES;
				CLANG_WARN_BOOL_CONVERSION = YES;
				CLANG_WARN_COMMA = YES;
				CLANG_WARN_CONSTANT_CONVERSION = YES;
				CLANG_WARN_DEPRECATED_OBJC_IMPLEMENTATIONS = YES;
				CLANG_WARN_DIRECT_OBJC_ISA_USAGE = YES_ERROR;
				CLANG_WARN_DOCUMENTATION_COMMENTS = YES;
				CLANG_WARN_EMPTY_BODY = YES;
				CLANG_WARN_ENUM_CONVERSION = YES;
				CLANG_WARN_INFINITE_RECURSION = YES;
				CLANG_WARN_INT_CONVERSION = YES;
				CLANG_WARN_NON_LITERAL_NULL_CONVERSION = YES;
				CLANG_WARN_OBJC_IMPLICIT_RETAIN_SELF = YES;
				CLANG_WARN_OBJC_LITERAL_CONVERSION = YES;
				CLANG_WARN_OBJC_ROOT_CLASS = YES_ERROR;
				CLANG_WARN_QUOTED_INCLUDE_IN_FRAMEWORK_HEADER = YES;
				CLANG_WARN_RANGE_LOOP_ANALYSIS = YES;
				CLANG_WARN_STRICT_PROTOTYPES = YES;
				CLANG_WARN_SUSPICIOUS_MOVE = YES;
				CLANG_WARN_UNGUARDED_AVAILABILITY = YES_AGGRESSIVE;
				CLANG_WARN_UNREACHABLE_CODE = YES;
				CLANG_WARN__DUPLICATE_METHOD_MATCH = YES;
				COPY_PHASE_STRIP = NO;
				DEBUG_INFORMATION_FORMAT = dwarf;
				ENABLE_STRICT_OBJC_MSGSEND = YES;
				ENABLE_TESTABILITY = YES;
				GCC_C_LANGUAGE_STANDARD = gnu11;
				GCC_DYNAMIC_NO_PIC = NO;
				GCC_NO_COMMON_BLOCKS = YES;
				GCC_OPTIMIZATION_LEVEL = 0;
				GCC_PREPROCESSOR_DEFINITIONS = (
					"DEBUG=1",
					"$(inherited)",
				);
				GCC_WARN_64_TO_32_BIT_CONVERSION = YES;
				GCC_WARN_ABOUT_RETURN_TYPE = YES_ERROR;
				GCC_WARN_UNDECLARED_SELECTOR = YES;
				GCC_WARN_UNINITIALIZED_AUTOS = YES_AGGRESSIVE;
				GCC_WARN_UNUSED_FUNCTION = YES;
				GCC_WARN_UNUSED_VARIABLE = YES;
				IPHONEOS_DEPLOYMENT_TARGET = 14.0;
				MTL_ENABLE_DEBUG_INFO = INCLUDE_SOURCE;
				MTL_FAST_MATH = YES;
				ONLY_ACTIVE_ARCH = YES;
				SDKROOT = iphoneos;
			};
			name = Debug;
		};
		BDFA6E7925A34006005C59CF /* Release */ = {
			isa = XCBuildConfiguration;
			buildSettings = {
				ALWAYS_SEARCH_USER_PATHS = NO;
				CLANG_ANALYZER_NONNULL = YES;
				CLANG_ANALYZER_NUMBER_OBJECT_CONVERSION = YES_AGGRESSIVE;
				CLANG_CXX_LANGUAGE_STANDARD = "gnu++14";
				CLANG_CXX_LIBRARY = "libc++";
				CLANG_ENABLE_MODULES = YES;
				CLANG_ENABLE_OBJC_ARC = YES;
				CLANG_ENABLE_OBJC_WEAK = YES;
				CLANG_WARN_BLOCK_CAPTURE_AUTORELEASING = YES;
				CLANG_WARN_BOOL_CONVERSION = YES;
				CLANG_WARN_COMMA = YES;
				CLANG_WARN_CONSTANT_CONVERSION = YES;
				CLANG_WARN_DEPRECATED_OBJC_IMPLEMENTATIONS = YES;
				CLANG_WARN_DIRECT_OBJC_ISA_USAGE = YES_ERROR;
				CLANG_WARN_DOCUMENTATION_COMMENTS = YES;
				CLANG_WARN_EMPTY_BODY = YES;
				CLANG_WARN_ENUM_CONVERSION = YES;
				CLANG_WARN_INFINITE_RECURSION = YES;
				CLANG_WARN_INT_CONVERSION = YES;
				CLANG_WARN_NON_LITERAL_NULL_CONVERSION = YES;
				CLANG_WARN_OBJC_IMPLICIT_RETAIN_SELF = YES;
				CLANG_WARN_OBJC_LITERAL_CONVERSION = YES;
				CLANG_WARN_OBJC_ROOT_CLASS = YES_ERROR;
				CLANG_WARN_QUOTED_INCLUDE_IN_FRAMEWORK_HEADER = YES;
				CLANG_WARN_RANGE_LOOP_ANALYSIS = YES;
				CLANG_WARN_STRICT_PROTOTYPES = YES;
				CLANG_WARN_SUSPICIOUS_MOVE = YES;
				CLANG_WARN_UNGUARDED_AVAILABILITY = YES_AGGRESSIVE;
				CLANG_WARN_UNREACHABLE_CODE = YES;
				CLANG_WARN__DUPLICATE_METHOD_MATCH = YES;
				COPY_PHASE_STRIP = NO;
				DEBUG_INFORMATION_FORMAT = "dwarf-with-dsym";
				ENABLE_NS_ASSERTIONS = NO;
				ENABLE_STRICT_OBJC_MSGSEND = YES;
				GCC_C_LANGUAGE_STANDARD = gnu11;
				GCC_NO_COMMON_BLOCKS = YES;
				GCC_WARN_64_TO_32_BIT_CONVERSION = YES;
				GCC_WARN_ABOUT_RETURN_TYPE = YES_ERROR;
				GCC_WARN_UNDECLARED_SELECTOR = YES;
				GCC_WARN_UNINITIALIZED_AUTOS = YES_AGGRESSIVE;
				GCC_WARN_UNUSED_FUNCTION = YES;
				GCC_WARN_UNUSED_VARIABLE = YES;
				IPHONEOS_DEPLOYMENT_TARGET = 14.0;
				MTL_ENABLE_DEBUG_INFO = NO;
				MTL_FAST_MATH = YES;
				SDKROOT = iphoneos;
				VALIDATE_PRODUCT = YES;
			};
			name = Release;
		};
		BDFA6E7B25A34006005C59CF /* Debug */ = {
			isa = XCBuildConfiguration;
			baseConfigurationReference = ECF24A3D8D41607ADD4F41A1 /* Pods-Test.debug.xcconfig */;
			buildSettings = {
				ASSETCATALOG_COMPILER_APPICON_NAME = AppIcon;
				ASSETCATALOG_COMPILER_GLOBAL_ACCENT_COLOR_NAME = AccentColor;
				CODE_SIGN_STYLE = Automatic;
				GCC_PREFIX_HEADER = Test/PrefixHeader.pch;
				INFOPLIST_FILE = Test/Info.plist;
				LD_RUNPATH_SEARCH_PATHS = (
					"$(inherited)",
					"@executable_path/Frameworks",
				);
				PRODUCT_BUNDLE_IDENTIFIER = com.test.Test;
				PRODUCT_NAME = "$(TARGET_NAME)";
				TARGETED_DEVICE_FAMILY = "1,2";
			};
			name = Debug;
		};
		BDFA6E7C25A34006005C59CF /* Release */ = {
			isa = XCBuildConfiguration;
			baseConfigurationReference = A6A42332C79C7C099CB45AB2 /* Pods-Test.release.xcconfig */;
			buildSettings = {
				ASSETCATALOG_COMPILER_APPICON_NAME = AppIcon;
				ASSETCATALOG_COMPILER_GLOBAL_ACCENT_COLOR_NAME = AccentColor;
				CODE_SIGN_STYLE = Automatic;
				GCC_PREFIX_HEADER = Test/PrefixHeader.pch;
				INFOPLIST_FILE = Test/Info.plist;
				LD_RUNPATH_SEARCH_PATHS = (
					"$(inherited)",
					"@executable_path/Frameworks",
				);
				PRODUCT_BUNDLE_IDENTIFIER = com.test.Test;
				PRODUCT_NAME = "$(TARGET_NAME)";
				TARGETED_DEVICE_FAMILY = "1,2";
			};
			name = Release;
		};
/* End XCBuildConfiguration section */

/* Begin XCConfigurationList section */
		BDFA6E5C25A34004005C59CF /* Build configuration list for PBXProject "Test" */ = {
			isa = XCConfigurationList;
			buildConfigurations = (
				BDFA6E7825A34006005C59CF /* Debug */,
				BDFA6E7925A34006005C59CF /* Release */,
			);
			defaultConfigurationIsVisible = 0;
			defaultConfigurationName = Release;
		};
		BDFA6E7A25A34006005C59CF /* Build configuration list for PBXNativeTarget "Test" */ = {
			isa = XCConfigurationList;
			buildConfigurations = (
				BDFA6E7B25A34006005C59CF /* Debug */,
				BDFA6E7C25A34006005C59CF /* Release */,
			);
			defaultConfigurationIsVisible = 0;
			defaultConfigurationName = Release;
		};
/* End XCConfigurationList section */
	};
	rootObject = BDFA6E5925A34004005C59CF /* Project object */;
}
