// !$*UTF8*$!
{
	archiveVersion = 1;
	classes = {
	};
	objectVersion = 51;
	objects = {

/* Begin PBXBuildFile section */
		590F7C40C8BAE71A9780E40D /* Pods_Test.framework in Frameworks */ = {isa = PBXBuildFile; fileRef = 1F4C433743BD5833F3737EC9 /* Pods_Test.framework */; };
		BD6BDC8F2645118A00C67FE1 /* 645.png in Resources */ = {isa = PBXBuildFile; fileRef = BD6BDBC72645118300C67FE1 /* 645.png */; };
		BD6BDC902645118A00C67FE1 /* 695.png in Resources */ = {isa = PBXBuildFile; fileRef = BD6BDBC82645118300C67FE1 /* 695.png */; };
		BD6BDC912645118A00C67FE1 /* 699.png in Resources */ = {isa = PBXBuildFile; fileRef = BD6BDBC92645118300C67FE1 /* 699.png */; };
		BD6BDC922645118A00C67FE1 /* 692.png in Resources */ = {isa = PBXBuildFile; fileRef = BD6BDBCA2645118300C67FE1 /* 692.png */; };
		BD6BDC932645118A00C67FE1 /* 969.png in Resources */ = {isa = PBXBuildFile; fileRef = BD6BDBCB2645118300C67FE1 /* 969.png */; };
		BD6BDC942645118A00C67FE1 /* 945.png in Resources */ = {isa = PBXBuildFile; fileRef = BD6BDBCC2645118300C67FE1 /* 945.png */; };
		BD6BDC952645118A00C67FE1 /* 614.png in Resources */ = {isa = PBXBuildFile; fileRef = BD6BDBCD2645118300C67FE1 /* 614.png */; };
		BD6BDC962645118A00C67FE1 /* 629.png in Resources */ = {isa = PBXBuildFile; fileRef = BD6BDBCE2645118300C67FE1 /* 629.png */; };
		BD6BDC972645118A00C67FE1 /* 613.png in Resources */ = {isa = PBXBuildFile; fileRef = BD6BDBCF2645118300C67FE1 /* 613.png */; };
		BD6BDC982645118A00C67FE1 /* 967.png in Resources */ = {isa = PBXBuildFile; fileRef = BD6BDBD02645118300C67FE1 /* 967.png */; };
		BD6BDC992645118A00C67FE1 /* 652.png in Resources */ = {isa = PBXBuildFile; fileRef = BD6BDBD12645118300C67FE1 /* 652.png */; };
		BD6BDC9A2645118A00C67FE1 /* 687.png in Resources */ = {isa = PBXBuildFile; fileRef = BD6BDBD22645118300C67FE1 /* 687.png */; };
		BD6BDC9B2645118A00C67FE1 /* 997.png in Resources */ = {isa = PBXBuildFile; fileRef = BD6BDBD32645118300C67FE1 /* 997.png */; };
		BD6BDC9C2645118A00C67FE1 /* 990.png in Resources */ = {isa = PBXBuildFile; fileRef = BD6BDBD42645118300C67FE1 /* 990.png */; };
		BD6BDC9D2645118A00C67FE1 /* 637.png in Resources */ = {isa = PBXBuildFile; fileRef = BD6BDBD52645118300C67FE1 /* 637.png */; };
		BD6BDC9E2645118A00C67FE1 /* 987.png in Resources */ = {isa = PBXBuildFile; fileRef = BD6BDBD62645118300C67FE1 /* 987.png */; };
		BD6BDC9F2645118A00C67FE1 /* 985.png in Resources */ = {isa = PBXBuildFile; fileRef = BD6BDBD72645118400C67FE1 /* 985.png */; };
		BD6BDCA02645118A00C67FE1 /* 943.png in Resources */ = {isa = PBXBuildFile; fileRef = BD6BDBD82645118400C67FE1 /* 943.png */; };
		BD6BDCA12645118A00C67FE1 /* 697.png in Resources */ = {isa = PBXBuildFile; fileRef = BD6BDBD92645118400C67FE1 /* 697.png */; };
		BD6BDCA22645118A00C67FE1 /* 677.png in Resources */ = {isa = PBXBuildFile; fileRef = BD6BDBDA2645118400C67FE1 /* 677.png */; };
		BD6BDCA32645118A00C67FE1 /* 619.png in Resources */ = {isa = PBXBuildFile; fileRef = BD6BDBDB2645118400C67FE1 /* 619.png */; };
		BD6BDCA42645118A00C67FE1 /* 913.png in Resources */ = {isa = PBXBuildFile; fileRef = BD6BDBDC2645118400C67FE1 /* 913.png */; };
		BD6BDCA52645118A00C67FE1 /* 630.png in Resources */ = {isa = PBXBuildFile; fileRef = BD6BDBDD2645118400C67FE1 /* 630.png */; };
		BD6BDCA62645118A00C67FE1 /* 631.png in Resources */ = {isa = PBXBuildFile; fileRef = BD6BDBDE2645118400C67FE1 /* 631.png */; };
		BD6BDCA72645118A00C67FE1 /* 617.png in Resources */ = {isa = PBXBuildFile; fileRef = BD6BDBDF2645118400C67FE1 /* 617.png */; };
		BD6BDCA82645118A00C67FE1 /* 903.png in Resources */ = {isa = PBXBuildFile; fileRef = BD6BDBE02645118400C67FE1 /* 903.png */; };
		BD6BDCA92645118A00C67FE1 /* 966.png in Resources */ = {isa = PBXBuildFile; fileRef = BD6BDBE12645118400C67FE1 /* 966.png */; };
		BD6BDCAA2645118A00C67FE1 /* 963.png in Resources */ = {isa = PBXBuildFile; fileRef = BD6BDBE22645118400C67FE1 /* 963.png */; };
		BD6BDCAB2645118A00C67FE1 /* 981.png in Resources */ = {isa = PBXBuildFile; fileRef = BD6BDBE32645118400C67FE1 /* 981.png */; };
		BD6BDCAC2645118A00C67FE1 /* 932.png in Resources */ = {isa = PBXBuildFile; fileRef = BD6BDBE42645118400C67FE1 /* 932.png */; };
		BD6BDCAD2645118A00C67FE1 /* 693.png in Resources */ = {isa = PBXBuildFile; fileRef = BD6BDBE52645118400C67FE1 /* 693.png */; };
		BD6BDCAE2645118A00C67FE1 /* 655.png in Resources */ = {isa = PBXBuildFile; fileRef = BD6BDBE62645118400C67FE1 /* 655.png */; };
		BD6BDCAF2645118A00C67FE1 /* 910.png in Resources */ = {isa = PBXBuildFile; fileRef = BD6BDBE72645118400C67FE1 /* 910.png */; };
		BD6BDCB02645118A00C67FE1 /* 929.png in Resources */ = {isa = PBXBuildFile; fileRef = BD6BDBE82645118400C67FE1 /* 929.png */; };
		BD6BDCB12645118A00C67FE1 /* 610.png in Resources */ = {isa = PBXBuildFile; fileRef = BD6BDBE92645118400C67FE1 /* 610.png */; };
		BD6BDCB22645118A00C67FE1 /* 681.png in Resources */ = {isa = PBXBuildFile; fileRef = BD6BDBEA2645118400C67FE1 /* 681.png */; };
		BD6BDCB32645118A00C67FE1 /* 616.png in Resources */ = {isa = PBXBuildFile; fileRef = BD6BDBEB2645118400C67FE1 /* 616.png */; };
		BD6BDCB42645118A00C67FE1 /* 995.png in Resources */ = {isa = PBXBuildFile; fileRef = BD6BDBEC2645118400C67FE1 /* 995.png */; };
		BD6BDCB52645118A00C67FE1 /* 983.png in Resources */ = {isa = PBXBuildFile; fileRef = BD6BDBED2645118400C67FE1 /* 983.png */; };
		BD6BDCB62645118A00C67FE1 /* 912.png in Resources */ = {isa = PBXBuildFile; fileRef = BD6BDBEE2645118400C67FE1 /* 912.png */; };
		BD6BDCB72645118A00C67FE1 /* 919.png in Resources */ = {isa = PBXBuildFile; fileRef = BD6BDBEF2645118400C67FE1 /* 919.png */; };
		BD6BDCB82645118A00C67FE1 /* 643.png in Resources */ = {isa = PBXBuildFile; fileRef = BD6BDBF02645118400C67FE1 /* 643.png */; };
		BD6BDCB92645118A00C67FE1 /* 962.png in Resources */ = {isa = PBXBuildFile; fileRef = BD6BDBF12645118400C67FE1 /* 962.png */; };
		BD6BDCBA2645118A00C67FE1 /* 659.png in Resources */ = {isa = PBXBuildFile; fileRef = BD6BDBF22645118400C67FE1 /* 659.png */; };
		BD6BDCBB2645118A00C67FE1 /* 633.png in Resources */ = {isa = PBXBuildFile; fileRef = BD6BDBF32645118400C67FE1 /* 633.png */; };
		BD6BDCBC2645118A00C67FE1 /* 917.png in Resources */ = {isa = PBXBuildFile; fileRef = BD6BDBF42645118500C67FE1 /* 917.png */; };
		BD6BDCBD2645118A00C67FE1 /* 964.png in Resources */ = {isa = PBXBuildFile; fileRef = BD6BDBF52645118500C67FE1 /* 964.png */; };
		BD6BDCBE2645118A00C67FE1 /* 979.png in Resources */ = {isa = PBXBuildFile; fileRef = BD6BDBF62645118500C67FE1 /* 979.png */; };
		BD6BDCBF2645118A00C67FE1 /* 676.png in Resources */ = {isa = PBXBuildFile; fileRef = BD6BDBF72645118500C67FE1 /* 676.png */; };
		BD6BDCC02645118A00C67FE1 /* 982.png in Resources */ = {isa = PBXBuildFile; fileRef = BD6BDBF82645118500C67FE1 /* 982.png */; };
		BD6BDCC12645118A00C67FE1 /* 667.png in Resources */ = {isa = PBXBuildFile; fileRef = BD6BDBF92645118500C67FE1 /* 667.png */; };
		BD6BDCC22645118A00C67FE1 /* 971.png in Resources */ = {isa = PBXBuildFile; fileRef = BD6BDBFA2645118500C67FE1 /* 971.png */; };
		BD6BDCC32645118A00C67FE1 /* 690.png in Resources */ = {isa = PBXBuildFile; fileRef = BD6BDBFB2645118500C67FE1 /* 690.png */; };
		BD6BDCC42645118A00C67FE1 /* 628.png in Resources */ = {isa = PBXBuildFile; fileRef = BD6BDBFC2645118500C67FE1 /* 628.png */; };
		BD6BDCC52645118A00C67FE1 /* 626.png in Resources */ = {isa = PBXBuildFile; fileRef = BD6BDBFD2645118500C67FE1 /* 626.png */; };
		BD6BDCC62645118A00C67FE1 /* 904.png in Resources */ = {isa = PBXBuildFile; fileRef = BD6BDBFE2645118500C67FE1 /* 904.png */; };
		BD6BDCC72645118A00C67FE1 /* 603.png in Resources */ = {isa = PBXBuildFile; fileRef = BD6BDBFF2645118500C67FE1 /* 603.png */; };
		BD6BDCC82645118A00C67FE1 /* 926.png in Resources */ = {isa = PBXBuildFile; fileRef = BD6BDC002645118500C67FE1 /* 926.png */; };
		BD6BDCC92645118A00C67FE1 /* 968.png in Resources */ = {isa = PBXBuildFile; fileRef = BD6BDC012645118500C67FE1 /* 968.png */; };
		BD6BDCCA2645118A00C67FE1 /* 931.png in Resources */ = {isa = PBXBuildFile; fileRef = BD6BDC022645118500C67FE1 /* 931.png */; };
		BD6BDCCB2645118A00C67FE1 /* 669.png in Resources */ = {isa = PBXBuildFile; fileRef = BD6BDC032645118500C67FE1 /* 669.png */; };
		BD6BDCCC2645118A00C67FE1 /* 937.png in Resources */ = {isa = PBXBuildFile; fileRef = BD6BDC042645118500C67FE1 /* 937.png */; };
		BD6BDCCD2645118A00C67FE1 /* 625.png in Resources */ = {isa = PBXBuildFile; fileRef = BD6BDC052645118500C67FE1 /* 625.png */; };
		BD6BDCCE2645118A00C67FE1 /* 938.png in Resources */ = {isa = PBXBuildFile; fileRef = BD6BDC062645118500C67FE1 /* 938.png */; };
		BD6BDCCF2645118A00C67FE1 /* 691.png in Resources */ = {isa = PBXBuildFile; fileRef = BD6BDC072645118500C67FE1 /* 691.png */; };
		BD6BDCD02645118A00C67FE1 /* 651.png in Resources */ = {isa = PBXBuildFile; fileRef = BD6BDC082645118500C67FE1 /* 651.png */; };
		BD6BDCD12645118A00C67FE1 /* 698.png in Resources */ = {isa = PBXBuildFile; fileRef = BD6BDC092645118500C67FE1 /* 698.png */; };
		BD6BDCD22645118A00C67FE1 /* 657.png in Resources */ = {isa = PBXBuildFile; fileRef = BD6BDC0A2645118500C67FE1 /* 657.png */; };
		BD6BDCD32645118A00C67FE1 /* 605.png in Resources */ = {isa = PBXBuildFile; fileRef = BD6BDC0B2645118500C67FE1 /* 605.png */; };
		BD6BDCD42645118A00C67FE1 /* 668.png in Resources */ = {isa = PBXBuildFile; fileRef = BD6BDC0C2645118500C67FE1 /* 668.png */; };
		BD6BDCD52645118A00C67FE1 /* 660.png in Resources */ = {isa = PBXBuildFile; fileRef = BD6BDC0D2645118500C67FE1 /* 660.png */; };
		BD6BDCD62645118A00C67FE1 /* 608.png in Resources */ = {isa = PBXBuildFile; fileRef = BD6BDC0E2645118500C67FE1 /* 608.png */; };
		BD6BDCD72645118A00C67FE1 /* 939.png in Resources */ = {isa = PBXBuildFile; fileRef = BD6BDC0F2645118500C67FE1 /* 939.png */; };
		BD6BDCD82645118A00C67FE1 /* 623.png in Resources */ = {isa = PBXBuildFile; fileRef = BD6BDC102645118500C67FE1 /* 623.png */; };
		BD6BDCD92645118A00C67FE1 /* 648.png in Resources */ = {isa = PBXBuildFile; fileRef = BD6BDC112645118500C67FE1 /* 648.png */; };
		BD6BDCDA2645118A00C67FE1 /* 670.png in Resources */ = {isa = PBXBuildFile; fileRef = BD6BDC122645118500C67FE1 /* 670.png */; };
		BD6BDCDB2645118A00C67FE1 /* 658.png in Resources */ = {isa = PBXBuildFile; fileRef = BD6BDC132645118600C67FE1 /* 658.png */; };
		BD6BDCDC2645118A00C67FE1 /* 901.png in Resources */ = {isa = PBXBuildFile; fileRef = BD6BDC142645118600C67FE1 /* 901.png */; };
		BD6BDCDD2645118A00C67FE1 /* 944.png in Resources */ = {isa = PBXBuildFile; fileRef = BD6BDC152645118600C67FE1 /* 944.png */; };
		BD6BDCDE2645118A00C67FE1 /* 914.png in Resources */ = {isa = PBXBuildFile; fileRef = BD6BDC162645118600C67FE1 /* 914.png */; };
		BD6BDCDF2645118A00C67FE1 /* 642.png in Resources */ = {isa = PBXBuildFile; fileRef = BD6BDC172645118600C67FE1 /* 642.png */; };
		BD6BDCE02645118A00C67FE1 /* 948.png in Resources */ = {isa = PBXBuildFile; fileRef = BD6BDC182645118600C67FE1 /* 948.png */; };
		BD6BDCE12645118A00C67FE1 /* 922.png in Resources */ = {isa = PBXBuildFile; fileRef = BD6BDC192645118600C67FE1 /* 922.png */; };
		BD6BDCE22645118A00C67FE1 /* 622.png in Resources */ = {isa = PBXBuildFile; fileRef = BD6BDC1A2645118600C67FE1 /* 622.png */; };
		BD6BDCE32645118A00C67FE1 /* 685.png in Resources */ = {isa = PBXBuildFile; fileRef = BD6BDC1B2645118600C67FE1 /* 685.png */; };
		BD6BDCE42645118A00C67FE1 /* 999.png in Resources */ = {isa = PBXBuildFile; fileRef = BD6BDC1C2645118600C67FE1 /* 999.png */; };
		BD6BDCE52645118A00C67FE1 /* 686.png in Resources */ = {isa = PBXBuildFile; fileRef = BD6BDC1D2645118600C67FE1 /* 686.png */; };
		BD6BDCE62645118A00C67FE1 /* 925.png in Resources */ = {isa = PBXBuildFile; fileRef = BD6BDC1E2645118600C67FE1 /* 925.png */; };
		BD6BDCE72645118A00C67FE1 /* 970.png in Resources */ = {isa = PBXBuildFile; fileRef = BD6BDC1F2645118600C67FE1 /* 970.png */; };
		BD6BDCE82645118A00C67FE1 /* 618.png in Resources */ = {isa = PBXBuildFile; fileRef = BD6BDC202645118600C67FE1 /* 618.png */; };
		BD6BDCE92645118A00C67FE1 /* 684.png in Resources */ = {isa = PBXBuildFile; fileRef = BD6BDC212645118600C67FE1 /* 684.png */; };
		BD6BDCEA2645118A00C67FE1 /* 673.png in Resources */ = {isa = PBXBuildFile; fileRef = BD6BDC222645118600C67FE1 /* 673.png */; };
		BD6BDCEB2645118A00C67FE1 /* 992.png in Resources */ = {isa = PBXBuildFile; fileRef = BD6BDC232645118600C67FE1 /* 992.png */; };
		BD6BDCEC2645118A00C67FE1 /* 978.png in Resources */ = {isa = PBXBuildFile; fileRef = BD6BDC242645118600C67FE1 /* 978.png */; };
		BD6BDCED2645118A00C67FE1 /* 959.png in Resources */ = {isa = PBXBuildFile; fileRef = BD6BDC252645118600C67FE1 /* 959.png */; };
		BD6BDCEE2645118A00C67FE1 /* 612.png in Resources */ = {isa = PBXBuildFile; fileRef = BD6BDC262645118600C67FE1 /* 612.png */; };
		BD6BDCEF2645118A00C67FE1 /* 682.png in Resources */ = {isa = PBXBuildFile; fileRef = BD6BDC272645118600C67FE1 /* 682.png */; };
		BD6BDCF02645118A00C67FE1 /* 950.png in Resources */ = {isa = PBXBuildFile; fileRef = BD6BDC282645118600C67FE1 /* 950.png */; };
		BD6BDCF12645118A00C67FE1 /* 935.png in Resources */ = {isa = PBXBuildFile; fileRef = BD6BDC292645118600C67FE1 /* 935.png */; };
		BD6BDCF22645118A00C67FE1 /* 636.png in Resources */ = {isa = PBXBuildFile; fileRef = BD6BDC2A2645118600C67FE1 /* 636.png */; };
		BD6BDCF32645118A00C67FE1 /* 915.png in Resources */ = {isa = PBXBuildFile; fileRef = BD6BDC2B2645118600C67FE1 /* 915.png */; };
		BD6BDCF42645118A00C67FE1 /* 977.png in Resources */ = {isa = PBXBuildFile; fileRef = BD6BDC2C2645118600C67FE1 /* 977.png */; };
		BD6BDCF52645118A00C67FE1 /* 638.png in Resources */ = {isa = PBXBuildFile; fileRef = BD6BDC2D2645118600C67FE1 /* 638.png */; };
		BD6BDCF62645118A00C67FE1 /* 644.png in Resources */ = {isa = PBXBuildFile; fileRef = BD6BDC2E2645118600C67FE1 /* 644.png */; };
		BD6BDCF72645118A00C67FE1 /* 908.png in Resources */ = {isa = PBXBuildFile; fileRef = BD6BDC2F2645118600C67FE1 /* 908.png */; };
		BD6BDCF82645118A00C67FE1 /* 664.png in Resources */ = {isa = PBXBuildFile; fileRef = BD6BDC302645118600C67FE1 /* 664.png */; };
		BD6BDCF92645118A00C67FE1 /* 916.png in Resources */ = {isa = PBXBuildFile; fileRef = BD6BDC312645118600C67FE1 /* 916.png */; };
		BD6BDCFA2645118A00C67FE1 /* 951.png in Resources */ = {isa = PBXBuildFile; fileRef = BD6BDC322645118600C67FE1 /* 951.png */; };
		BD6BDCFB2645118A00C67FE1 /* 947.png in Resources */ = {isa = PBXBuildFile; fileRef = BD6BDC332645118700C67FE1 /* 947.png */; };
		BD6BDCFC2645118A00C67FE1 /* 647.png in Resources */ = {isa = PBXBuildFile; fileRef = BD6BDC342645118700C67FE1 /* 647.png */; };
		BD6BDCFD2645118A00C67FE1 /* 615.png in Resources */ = {isa = PBXBuildFile; fileRef = BD6BDC352645118700C67FE1 /* 615.png */; };
		BD6BDCFE2645118A00C67FE1 /* 641.png in Resources */ = {isa = PBXBuildFile; fileRef = BD6BDC362645118700C67FE1 /* 641.png */; };
		BD6BDCFF2645118A00C67FE1 /* 650.png in Resources */ = {isa = PBXBuildFile; fileRef = BD6BDC372645118700C67FE1 /* 650.png */; };
		BD6BDD002645118A00C67FE1 /* 674.png in Resources */ = {isa = PBXBuildFile; fileRef = BD6BDC382645118700C67FE1 /* 674.png */; };
		BD6BDD012645118A00C67FE1 /* 700.png in Resources */ = {isa = PBXBuildFile; fileRef = BD6BDC392645118700C67FE1 /* 700.png */; };
		BD6BDD022645118A00C67FE1 /* 942.png in Resources */ = {isa = PBXBuildFile; fileRef = BD6BDC3A2645118700C67FE1 /* 942.png */; };
		BD6BDD032645118A00C67FE1 /* 654.png in Resources */ = {isa = PBXBuildFile; fileRef = BD6BDC3B2645118700C67FE1 /* 654.png */; };
		BD6BDD042645118A00C67FE1 /* 611.png in Resources */ = {isa = PBXBuildFile; fileRef = BD6BDC3C2645118700C67FE1 /* 611.png */; };
		BD6BDD052645118A00C67FE1 /* 974.png in Resources */ = {isa = PBXBuildFile; fileRef = BD6BDC3D2645118700C67FE1 /* 974.png */; };
		BD6BDD062645118A00C67FE1 /* 624.png in Resources */ = {isa = PBXBuildFile; fileRef = BD6BDC3E2645118700C67FE1 /* 624.png */; };
		BD6BDD072645118A00C67FE1 /* 946.png in Resources */ = {isa = PBXBuildFile; fileRef = BD6BDC3F2645118700C67FE1 /* 946.png */; };
		BD6BDD082645118A00C67FE1 /* 609.png in Resources */ = {isa = PBXBuildFile; fileRef = BD6BDC402645118700C67FE1 /* 609.png */; };
		BD6BDD092645118A00C67FE1 /* 688.png in Resources */ = {isa = PBXBuildFile; fileRef = BD6BDC412645118700C67FE1 /* 688.png */; };
		BD6BDD0A2645118A00C67FE1 /* 678.png in Resources */ = {isa = PBXBuildFile; fileRef = BD6BDC422645118700C67FE1 /* 678.png */; };
		BD6BDD0B2645118A00C67FE1 /* 940.png in Resources */ = {isa = PBXBuildFile; fileRef = BD6BDC432645118700C67FE1 /* 940.png */; };
		BD6BDD0C2645118A00C67FE1 /* 635.png in Resources */ = {isa = PBXBuildFile; fileRef = BD6BDC442645118700C67FE1 /* 635.png */; };
		BD6BDD0D2645118A00C67FE1 /* 986.png in Resources */ = {isa = PBXBuildFile; fileRef = BD6BDC452645118700C67FE1 /* 986.png */; };
		BD6BDD0E2645118A00C67FE1 /* 902.png in Resources */ = {isa = PBXBuildFile; fileRef = BD6BDC462645118700C67FE1 /* 902.png */; };
		BD6BDD0F2645118A00C67FE1 /* 662.png in Resources */ = {isa = PBXBuildFile; fileRef = BD6BDC472645118700C67FE1 /* 662.png */; };
		BD6BDD102645118A00C67FE1 /* 976.png in Resources */ = {isa = PBXBuildFile; fileRef = BD6BDC482645118700C67FE1 /* 976.png */; };
		BD6BDD112645118A00C67FE1 /* 683.png in Resources */ = {isa = PBXBuildFile; fileRef = BD6BDC492645118700C67FE1 /* 683.png */; };
		BD6BDD122645118A00C67FE1 /* 696.png in Resources */ = {isa = PBXBuildFile; fileRef = BD6BDC4A2645118700C67FE1 /* 696.png */; };
		BD6BDD132645118A00C67FE1 /* 907.png in Resources */ = {isa = PBXBuildFile; fileRef = BD6BDC4B2645118700C67FE1 /* 907.png */; };
		BD6BDD142645118A00C67FE1 /* 621.png in Resources */ = {isa = PBXBuildFile; fileRef = BD6BDC4C2645118700C67FE1 /* 621.png */; };
		BD6BDD152645118A00C67FE1 /* 661.png in Resources */ = {isa = PBXBuildFile; fileRef = BD6BDC4D2645118700C67FE1 /* 661.png */; };
		BD6BDD162645118A00C67FE1 /* 923.png in Resources */ = {isa = PBXBuildFile; fileRef = BD6BDC4E2645118700C67FE1 /* 923.png */; };
		BD6BDD172645118A00C67FE1 /* 606.png in Resources */ = {isa = PBXBuildFile; fileRef = BD6BDC4F2645118700C67FE1 /* 606.png */; };
		BD6BDD182645118A00C67FE1 /* 632.png in Resources */ = {isa = PBXBuildFile; fileRef = BD6BDC502645118700C67FE1 /* 632.png */; };
		BD6BDD192645118A00C67FE1 /* 620.png in Resources */ = {isa = PBXBuildFile; fileRef = BD6BDC512645118700C67FE1 /* 620.png */; };
		BD6BDD1A2645118A00C67FE1 /* 953.png in Resources */ = {isa = PBXBuildFile; fileRef = BD6BDC522645118800C67FE1 /* 953.png */; };
		BD6BDD1B2645118A00C67FE1 /* 998.png in Resources */ = {isa = PBXBuildFile; fileRef = BD6BDC532645118800C67FE1 /* 998.png */; };
		BD6BDD1C2645118A00C67FE1 /* 958.png in Resources */ = {isa = PBXBuildFile; fileRef = BD6BDC542645118800C67FE1 /* 958.png */; };
		BD6BDD1D2645118A00C67FE1 /* 909.png in Resources */ = {isa = PBXBuildFile; fileRef = BD6BDC552645118800C67FE1 /* 909.png */; };
		BD6BDD1E2645118A00C67FE1 /* 927.png in Resources */ = {isa = PBXBuildFile; fileRef = BD6BDC562645118800C67FE1 /* 927.png */; };
		BD6BDD1F2645118A00C67FE1 /* 934.png in Resources */ = {isa = PBXBuildFile; fileRef = BD6BDC572645118800C67FE1 /* 934.png */; };
		BD6BDD202645118A00C67FE1 /* 984.png in Resources */ = {isa = PBXBuildFile; fileRef = BD6BDC582645118800C67FE1 /* 984.png */; };
		BD6BDD212645118A00C67FE1 /* 920.png in Resources */ = {isa = PBXBuildFile; fileRef = BD6BDC592645118800C67FE1 /* 920.png */; };
		BD6BDD222645118A00C67FE1 /* 649.png in Resources */ = {isa = PBXBuildFile; fileRef = BD6BDC5A2645118800C67FE1 /* 649.png */; };
		BD6BDD232645118A00C67FE1 /* 656.png in Resources */ = {isa = PBXBuildFile; fileRef = BD6BDC5B2645118800C67FE1 /* 656.png */; };
		BD6BDD242645118A00C67FE1 /* 956.png in Resources */ = {isa = PBXBuildFile; fileRef = BD6BDC5C2645118800C67FE1 /* 956.png */; };
		BD6BDD252645118A00C67FE1 /* 980.png in Resources */ = {isa = PBXBuildFile; fileRef = BD6BDC5D2645118800C67FE1 /* 980.png */; };
		BD6BDD262645118A00C67FE1 /* 996.png in Resources */ = {isa = PBXBuildFile; fileRef = BD6BDC5E2645118800C67FE1 /* 996.png */; };
		BD6BDD272645118A00C67FE1 /* 653.png in Resources */ = {isa = PBXBuildFile; fileRef = BD6BDC5F2645118800C67FE1 /* 653.png */; };
		BD6BDD282645118A00C67FE1 /* 634.png in Resources */ = {isa = PBXBuildFile; fileRef = BD6BDC602645118800C67FE1 /* 634.png */; };
		BD6BDD292645118A00C67FE1 /* 602.png in Resources */ = {isa = PBXBuildFile; fileRef = BD6BDC612645118800C67FE1 /* 602.png */; };
		BD6BDD2A2645118A00C67FE1 /* 601.png in Resources */ = {isa = PBXBuildFile; fileRef = BD6BDC622645118800C67FE1 /* 601.png */; };
		BD6BDD2B2645118A00C67FE1 /* 911.png in Resources */ = {isa = PBXBuildFile; fileRef = BD6BDC632645118800C67FE1 /* 911.png */; };
		BD6BDD2C2645118A00C67FE1 /* 671.png in Resources */ = {isa = PBXBuildFile; fileRef = BD6BDC642645118800C67FE1 /* 671.png */; };
		BD6BDD2D2645118A00C67FE1 /* 607.png in Resources */ = {isa = PBXBuildFile; fileRef = BD6BDC652645118800C67FE1 /* 607.png */; };
		BD6BDD2E2645118A00C67FE1 /* 933.png in Resources */ = {isa = PBXBuildFile; fileRef = BD6BDC662645118800C67FE1 /* 933.png */; };
		BD6BDD2F2645118A00C67FE1 /* 994.png in Resources */ = {isa = PBXBuildFile; fileRef = BD6BDC672645118800C67FE1 /* 994.png */; };
		BD6BDD302645118A00C67FE1 /* 1000.png in Resources */ = {isa = PBXBuildFile; fileRef = BD6BDC682645118800C67FE1 /* 1000.png */; };
		BD6BDD312645118A00C67FE1 /* 993.png in Resources */ = {isa = PBXBuildFile; fileRef = BD6BDC692645118800C67FE1 /* 993.png */; };
		BD6BDD322645118A00C67FE1 /* 918.png in Resources */ = {isa = PBXBuildFile; fileRef = BD6BDC6A2645118800C67FE1 /* 918.png */; };
		BD6BDD332645118A00C67FE1 /* 666.png in Resources */ = {isa = PBXBuildFile; fileRef = BD6BDC6B2645118800C67FE1 /* 666.png */; };
		BD6BDD342645118A00C67FE1 /* 991.png in Resources */ = {isa = PBXBuildFile; fileRef = BD6BDC6C2645118800C67FE1 /* 991.png */; };
		BD6BDD352645118A00C67FE1 /* 952.png in Resources */ = {isa = PBXBuildFile; fileRef = BD6BDC6D2645118800C67FE1 /* 952.png */; };
		BD6BDD362645118A00C67FE1 /* 604.png in Resources */ = {isa = PBXBuildFile; fileRef = BD6BDC6E2645118800C67FE1 /* 604.png */; };
		BD6BDD372645118A00C67FE1 /* 672.png in Resources */ = {isa = PBXBuildFile; fileRef = BD6BDC6F2645118800C67FE1 /* 672.png */; };
		BD6BDD382645118A00C67FE1 /* 957.png in Resources */ = {isa = PBXBuildFile; fileRef = BD6BDC702645118800C67FE1 /* 957.png */; };
		BD6BDD392645118A00C67FE1 /* 988.png in Resources */ = {isa = PBXBuildFile; fileRef = BD6BDC712645118800C67FE1 /* 988.png */; };
		BD6BDD3A2645118A00C67FE1 /* 905.png in Resources */ = {isa = PBXBuildFile; fileRef = BD6BDC722645118900C67FE1 /* 905.png */; };
		BD6BDD3B2645118A00C67FE1 /* 975.png in Resources */ = {isa = PBXBuildFile; fileRef = BD6BDC732645118900C67FE1 /* 975.png */; };
		BD6BDD3C2645118A00C67FE1 /* 639.png in Resources */ = {isa = PBXBuildFile; fileRef = BD6BDC742645118900C67FE1 /* 639.png */; };
		BD6BDD3D2645118A00C67FE1 /* 960.png in Resources */ = {isa = PBXBuildFile; fileRef = BD6BDC752645118900C67FE1 /* 960.png */; };
		BD6BDD3E2645118A00C67FE1 /* 694.png in Resources */ = {isa = PBXBuildFile; fileRef = BD6BDC762645118900C67FE1 /* 694.png */; };
		BD6BDD3F2645118A00C67FE1 /* 941.png in Resources */ = {isa = PBXBuildFile; fileRef = BD6BDC772645118900C67FE1 /* 941.png */; };
		BD6BDD402645118A00C67FE1 /* 640.png in Resources */ = {isa = PBXBuildFile; fileRef = BD6BDC782645118900C67FE1 /* 640.png */; };
		BD6BDD412645118A00C67FE1 /* 973.png in Resources */ = {isa = PBXBuildFile; fileRef = BD6BDC792645118900C67FE1 /* 973.png */; };
		BD6BDD422645118A00C67FE1 /* 689.png in Resources */ = {isa = PBXBuildFile; fileRef = BD6BDC7A2645118900C67FE1 /* 689.png */; };
		BD6BDD432645118A00C67FE1 /* 680.png in Resources */ = {isa = PBXBuildFile; fileRef = BD6BDC7B2645118900C67FE1 /* 680.png */; };
		BD6BDD442645118A00C67FE1 /* 663.png in Resources */ = {isa = PBXBuildFile; fileRef = BD6BDC7C2645118900C67FE1 /* 663.png */; };
		BD6BDD452645118A00C67FE1 /* 965.png in Resources */ = {isa = PBXBuildFile; fileRef = BD6BDC7D2645118900C67FE1 /* 965.png */; };
		BD6BDD462645118A00C67FE1 /* 928.png in Resources */ = {isa = PBXBuildFile; fileRef = BD6BDC7E2645118900C67FE1 /* 928.png */; };
		BD6BDD472645118A00C67FE1 /* 936.png in Resources */ = {isa = PBXBuildFile; fileRef = BD6BDC7F2645118900C67FE1 /* 936.png */; };
		BD6BDD482645118A00C67FE1 /* 906.png in Resources */ = {isa = PBXBuildFile; fileRef = BD6BDC802645118900C67FE1 /* 906.png */; };
		BD6BDD492645118A00C67FE1 /* 989.png in Resources */ = {isa = PBXBuildFile; fileRef = BD6BDC812645118900C67FE1 /* 989.png */; };
		BD6BDD4A2645118A00C67FE1 /* 679.png in Resources */ = {isa = PBXBuildFile; fileRef = BD6BDC822645118900C67FE1 /* 679.png */; };
		BD6BDD4B2645118A00C67FE1 /* 924.png in Resources */ = {isa = PBXBuildFile; fileRef = BD6BDC832645118900C67FE1 /* 924.png */; };
		BD6BDD4C2645118A00C67FE1 /* 665.png in Resources */ = {isa = PBXBuildFile; fileRef = BD6BDC842645118900C67FE1 /* 665.png */; };
		BD6BDD4D2645118A00C67FE1 /* 954.png in Resources */ = {isa = PBXBuildFile; fileRef = BD6BDC852645118900C67FE1 /* 954.png */; };
		BD6BDD4E2645118A00C67FE1 /* 646.png in Resources */ = {isa = PBXBuildFile; fileRef = BD6BDC862645118900C67FE1 /* 646.png */; };
		BD6BDD4F2645118A00C67FE1 /* 921.png in Resources */ = {isa = PBXBuildFile; fileRef = BD6BDC872645118900C67FE1 /* 921.png */; };
		BD6BDD502645118A00C67FE1 /* 627.png in Resources */ = {isa = PBXBuildFile; fileRef = BD6BDC882645118900C67FE1 /* 627.png */; };
		BD6BDD512645118A00C67FE1 /* 955.png in Resources */ = {isa = PBXBuildFile; fileRef = BD6BDC892645118900C67FE1 /* 955.png */; };
		BD6BDD522645118A00C67FE1 /* 949.png in Resources */ = {isa = PBXBuildFile; fileRef = BD6BDC8A2645118900C67FE1 /* 949.png */; };
		BD6BDD532645118A00C67FE1 /* 675.png in Resources */ = {isa = PBXBuildFile; fileRef = BD6BDC8B2645118900C67FE1 /* 675.png */; };
		BD6BDD542645118A00C67FE1 /* 961.png in Resources */ = {isa = PBXBuildFile; fileRef = BD6BDC8C2645118A00C67FE1 /* 961.png */; };
		BD6BDD552645118A00C67FE1 /* 972.png in Resources */ = {isa = PBXBuildFile; fileRef = BD6BDC8D2645118A00C67FE1 /* 972.png */; };
		BD6BDD562645118A00C67FE1 /* 930.png in Resources */ = {isa = PBXBuildFile; fileRef = BD6BDC8E2645118A00C67FE1 /* 930.png */; };
		BDA23FCF2625D405000B3B8B /* WebViewController.m in Sources */ = {isa = PBXBuildFile; fileRef = BDA23FCE2625D405000B3B8B /* WebViewController.m */; };
		BDA23FD62625D705000B3B8B /* URLSchemeHandler.m in Sources */ = {isa = PBXBuildFile; fileRef = BDA23FD52625D705000B3B8B /* URLSchemeHandler.m */; };
		BDA23FD92625DE75000B3B8B /* MobileCoreServices.framework in Frameworks */ = {isa = PBXBuildFile; fileRef = BDA23FD82625DE75000B3B8B /* MobileCoreServices.framework */; };
		BDA23FE12625EA1F000B3B8B /* WKWebView+Custom.m in Sources */ = {isa = PBXBuildFile; fileRef = BDA23FE02625EA1F000B3B8B /* WKWebView+Custom.m */; };
		BDCDAE72264427DE002C3B34 /* 1的副本.csv in Resources */ = {isa = PBXBuildFile; fileRef = BDCDAE71264427DE002C3B34 /* 1的副本.csv */; };
		BDDAE1F4263E93E900457C9D /* 1.csv in Resources */ = {isa = PBXBuildFile; fileRef = BDDAE1F3263E93E900457C9D /* 1.csv */; };
		BDDAE20626423F6000457C9D /* FacematchController.m in Sources */ = {isa = PBXBuildFile; fileRef = BDDAE20526423F5F00457C9D /* FacematchController.m */; };
		BDDAE2D926427A7A00457C9D /* UIImage+GCAdd.m in Sources */ = {isa = PBXBuildFile; fileRef = BDDAE2D426427A7A00457C9D /* UIImage+GCAdd.m */; };
		BDDAE2DA26427A7A00457C9D /* JQResulltViewController.m in Sources */ = {isa = PBXBuildFile; fileRef = BDDAE2D526427A7A00457C9D /* JQResulltViewController.m */; };
		BDDAE2DB26427A7A00457C9D /* JQUploadPicRequest.m in Sources */ = {isa = PBXBuildFile; fileRef = BDDAE2D826427A7A00457C9D /* JQUploadPicRequest.m */; };
		BDDAE3142642DB7900457C9D /* MMLocationParser.m in Sources */ = {isa = PBXBuildFile; fileRef = BDDAE3132642DB7800457C9D /* MMLocationParser.m */; };
		BDFA6E6625A34004005C59CF /* AppDelegate.m in Sources */ = {isa = PBXBuildFile; fileRef = BDFA6E6525A34004005C59CF /* AppDelegate.m */; };
		BDFA6E6C25A34004005C59CF /* ViewController.m in Sources */ = {isa = PBXBuildFile; fileRef = BDFA6E6B25A34004005C59CF /* ViewController.m */; };
		BDFA6E7125A34006005C59CF /* Assets.xcassets in Resources */ = {isa = PBXBuildFile; fileRef = BDFA6E7025A34006005C59CF /* Assets.xcassets */; };
		BDFA6E7425A34006005C59CF /* LaunchScreen.storyboard in Resources */ = {isa = PBXBuildFile; fileRef = BDFA6E7225A34006005C59CF /* LaunchScreen.storyboard */; };
		BDFA6E7725A34006005C59CF /* main.m in Sources */ = {isa = PBXBuildFile; fileRef = BDFA6E7625A34006005C59CF /* main.m */; };
		BDFA6E8125A340CB005C59CF /* OneController.m in Sources */ = {isa = PBXBuildFile; fileRef = BDFA6E8025A340CB005C59CF /* OneController.m */; };
		BDFA6E8725A340D6005C59CF /* TwoController.m in Sources */ = {isa = PBXBuildFile; fileRef = BDFA6E8625A340D6005C59CF /* TwoController.m */; };
/* End PBXBuildFile section */

/* Begin PBXFileReference section */
		1F4C433743BD5833F3737EC9 /* Pods_Test.framework */ = {isa = PBXFileReference; explicitFileType = wrapper.framework; includeInIndex = 0; path = Pods_Test.framework; sourceTree = BUILT_PRODUCTS_DIR; };
		A6A42332C79C7C099CB45AB2 /* Pods-Test.release.xcconfig */ = {isa = PBXFileReference; includeInIndex = 1; lastKnownFileType = text.xcconfig; name = "Pods-Test.release.xcconfig"; path = "Target Support Files/Pods-Test/Pods-Test.release.xcconfig"; sourceTree = "<group>"; };
		BD6BDBC72645118300C67FE1 /* 645.png */ = {isa = PBXFileReference; lastKnownFileType = image.png; path = 645.png; sourceTree = "<group>"; };
		BD6BDBC82645118300C67FE1 /* 695.png */ = {isa = PBXFileReference; lastKnownFileType = image.png; path = 695.png; sourceTree = "<group>"; };
		BD6BDBC92645118300C67FE1 /* 699.png */ = {isa = PBXFileReference; lastKnownFileType = image.png; path = 699.png; sourceTree = "<group>"; };
		BD6BDBCA2645118300C67FE1 /* 692.png */ = {isa = PBXFileReference; lastKnownFileType = image.png; path = 692.png; sourceTree = "<group>"; };
		BD6BDBCB2645118300C67FE1 /* 969.png */ = {isa = PBXFileReference; lastKnownFileType = image.png; path = 969.png; sourceTree = "<group>"; };
		BD6BDBCC2645118300C67FE1 /* 945.png */ = {isa = PBXFileReference; lastKnownFileType = image.png; path = 945.png; sourceTree = "<group>"; };
		BD6BDBCD2645118300C67FE1 /* 614.png */ = {isa = PBXFileReference; lastKnownFileType = image.png; path = 614.png; sourceTree = "<group>"; };
		BD6BDBCE2645118300C67FE1 /* 629.png */ = {isa = PBXFileReference; lastKnownFileType = image.png; path = 629.png; sourceTree = "<group>"; };
		BD6BDBCF2645118300C67FE1 /* 613.png */ = {isa = PBXFileReference; lastKnownFileType = image.png; path = 613.png; sourceTree = "<group>"; };
		BD6BDBD02645118300C67FE1 /* 967.png */ = {isa = PBXFileReference; lastKnownFileType = image.png; path = 967.png; sourceTree = "<group>"; };
		BD6BDBD12645118300C67FE1 /* 652.png */ = {isa = PBXFileReference; lastKnownFileType = image.png; path = 652.png; sourceTree = "<group>"; };
		BD6BDBD22645118300C67FE1 /* 687.png */ = {isa = PBXFileReference; lastKnownFileType = image.png; path = 687.png; sourceTree = "<group>"; };
		BD6BDBD32645118300C67FE1 /* 997.png */ = {isa = PBXFileReference; lastKnownFileType = image.png; path = 997.png; sourceTree = "<group>"; };
		BD6BDBD42645118300C67FE1 /* 990.png */ = {isa = PBXFileReference; lastKnownFileType = image.png; path = 990.png; sourceTree = "<group>"; };
		BD6BDBD52645118300C67FE1 /* 637.png */ = {isa = PBXFileReference; lastKnownFileType = image.png; path = 637.png; sourceTree = "<group>"; };
		BD6BDBD62645118300C67FE1 /* 987.png */ = {isa = PBXFileReference; lastKnownFileType = image.png; path = 987.png; sourceTree = "<group>"; };
		BD6BDBD72645118400C67FE1 /* 985.png */ = {isa = PBXFileReference; lastKnownFileType = image.png; path = 985.png; sourceTree = "<group>"; };
		BD6BDBD82645118400C67FE1 /* 943.png */ = {isa = PBXFileReference; lastKnownFileType = image.png; path = 943.png; sourceTree = "<group>"; };
		BD6BDBD92645118400C67FE1 /* 697.png */ = {isa = PBXFileReference; lastKnownFileType = image.png; path = 697.png; sourceTree = "<group>"; };
		BD6BDBDA2645118400C67FE1 /* 677.png */ = {isa = PBXFileReference; lastKnownFileType = image.png; path = 677.png; sourceTree = "<group>"; };
		BD6BDBDB2645118400C67FE1 /* 619.png */ = {isa = PBXFileReference; lastKnownFileType = image.png; path = 619.png; sourceTree = "<group>"; };
		BD6BDBDC2645118400C67FE1 /* 913.png */ = {isa = PBXFileReference; lastKnownFileType = image.png; path = 913.png; sourceTree = "<group>"; };
		BD6BDBDD2645118400C67FE1 /* 630.png */ = {isa = PBXFileReference; lastKnownFileType = image.png; path = 630.png; sourceTree = "<group>"; };
		BD6BDBDE2645118400C67FE1 /* 631.png */ = {isa = PBXFileReference; lastKnownFileType = image.png; path = 631.png; sourceTree = "<group>"; };
		BD6BDBDF2645118400C67FE1 /* 617.png */ = {isa = PBXFileReference; lastKnownFileType = image.png; path = 617.png; sourceTree = "<group>"; };
		BD6BDBE02645118400C67FE1 /* 903.png */ = {isa = PBXFileReference; lastKnownFileType = image.png; path = 903.png; sourceTree = "<group>"; };
		BD6BDBE12645118400C67FE1 /* 966.png */ = {isa = PBXFileReference; lastKnownFileType = image.png; path = 966.png; sourceTree = "<group>"; };
		BD6BDBE22645118400C67FE1 /* 963.png */ = {isa = PBXFileReference; lastKnownFileType = image.png; path = 963.png; sourceTree = "<group>"; };
		BD6BDBE32645118400C67FE1 /* 981.png */ = {isa = PBXFileReference; lastKnownFileType = image.png; path = 981.png; sourceTree = "<group>"; };
		BD6BDBE42645118400C67FE1 /* 932.png */ = {isa = PBXFileReference; lastKnownFileType = image.png; path = 932.png; sourceTree = "<group>"; };
		BD6BDBE52645118400C67FE1 /* 693.png */ = {isa = PBXFileReference; lastKnownFileType = image.png; path = 693.png; sourceTree = "<group>"; };
		BD6BDBE62645118400C67FE1 /* 655.png */ = {isa = PBXFileReference; lastKnownFileType = image.png; path = 655.png; sourceTree = "<group>"; };
		BD6BDBE72645118400C67FE1 /* 910.png */ = {isa = PBXFileReference; lastKnownFileType = image.png; path = 910.png; sourceTree = "<group>"; };
		BD6BDBE82645118400C67FE1 /* 929.png */ = {isa = PBXFileReference; lastKnownFileType = image.png; path = 929.png; sourceTree = "<group>"; };
		BD6BDBE92645118400C67FE1 /* 610.png */ = {isa = PBXFileReference; lastKnownFileType = image.png; path = 610.png; sourceTree = "<group>"; };
		BD6BDBEA2645118400C67FE1 /* 681.png */ = {isa = PBXFileReference; lastKnownFileType = image.png; path = 681.png; sourceTree = "<group>"; };
		BD6BDBEB2645118400C67FE1 /* 616.png */ = {isa = PBXFileReference; lastKnownFileType = image.png; path = 616.png; sourceTree = "<group>"; };
		BD6BDBEC2645118400C67FE1 /* 995.png */ = {isa = PBXFileReference; lastKnownFileType = image.png; path = 995.png; sourceTree = "<group>"; };
		BD6BDBED2645118400C67FE1 /* 983.png */ = {isa = PBXFileReference; lastKnownFileType = image.png; path = 983.png; sourceTree = "<group>"; };
		BD6BDBEE2645118400C67FE1 /* 912.png */ = {isa = PBXFileReference; lastKnownFileType = image.png; path = 912.png; sourceTree = "<group>"; };
		BD6BDBEF2645118400C67FE1 /* 919.png */ = {isa = PBXFileReference; lastKnownFileType = image.png; path = 919.png; sourceTree = "<group>"; };
		BD6BDBF02645118400C67FE1 /* 643.png */ = {isa = PBXFileReference; lastKnownFileType = image.png; path = 643.png; sourceTree = "<group>"; };
		BD6BDBF12645118400C67FE1 /* 962.png */ = {isa = PBXFileReference; lastKnownFileType = image.png; path = 962.png; sourceTree = "<group>"; };
		BD6BDBF22645118400C67FE1 /* 659.png */ = {isa = PBXFileReference; lastKnownFileType = image.png; path = 659.png; sourceTree = "<group>"; };
		BD6BDBF32645118400C67FE1 /* 633.png */ = {isa = PBXFileReference; lastKnownFileType = image.png; path = 633.png; sourceTree = "<group>"; };
		BD6BDBF42645118500C67FE1 /* 917.png */ = {isa = PBXFileReference; lastKnownFileType = image.png; path = 917.png; sourceTree = "<group>"; };
		BD6BDBF52645118500C67FE1 /* 964.png */ = {isa = PBXFileReference; lastKnownFileType = image.png; path = 964.png; sourceTree = "<group>"; };
		BD6BDBF62645118500C67FE1 /* 979.png */ = {isa = PBXFileReference; lastKnownFileType = image.png; path = 979.png; sourceTree = "<group>"; };
		BD6BDBF72645118500C67FE1 /* 676.png */ = {isa = PBXFileReference; lastKnownFileType = image.png; path = 676.png; sourceTree = "<group>"; };
		BD6BDBF82645118500C67FE1 /* 982.png */ = {isa = PBXFileReference; lastKnownFileType = image.png; path = 982.png; sourceTree = "<group>"; };
		BD6BDBF92645118500C67FE1 /* 667.png */ = {isa = PBXFileReference; lastKnownFileType = image.png; path = 667.png; sourceTree = "<group>"; };
		BD6BDBFA2645118500C67FE1 /* 971.png */ = {isa = PBXFileReference; lastKnownFileType = image.png; path = 971.png; sourceTree = "<group>"; };
		BD6BDBFB2645118500C67FE1 /* 690.png */ = {isa = PBXFileReference; lastKnownFileType = image.png; path = 690.png; sourceTree = "<group>"; };
		BD6BDBFC2645118500C67FE1 /* 628.png */ = {isa = PBXFileReference; lastKnownFileType = image.png; path = 628.png; sourceTree = "<group>"; };
		BD6BDBFD2645118500C67FE1 /* 626.png */ = {isa = PBXFileReference; lastKnownFileType = image.png; path = 626.png; sourceTree = "<group>"; };
		BD6BDBFE2645118500C67FE1 /* 904.png */ = {isa = PBXFileReference; lastKnownFileType = image.png; path = 904.png; sourceTree = "<group>"; };
		BD6BDBFF2645118500C67FE1 /* 603.png */ = {isa = PBXFileReference; lastKnownFileType = image.png; path = 603.png; sourceTree = "<group>"; };
		BD6BDC002645118500C67FE1 /* 926.png */ = {isa = PBXFileReference; lastKnownFileType = image.png; path = 926.png; sourceTree = "<group>"; };
		BD6BDC012645118500C67FE1 /* 968.png */ = {isa = PBXFileReference; lastKnownFileType = image.png; path = 968.png; sourceTree = "<group>"; };
		BD6BDC022645118500C67FE1 /* 931.png */ = {isa = PBXFileReference; lastKnownFileType = image.png; path = 931.png; sourceTree = "<group>"; };
		BD6BDC032645118500C67FE1 /* 669.png */ = {isa = PBXFileReference; lastKnownFileType = image.png; path = 669.png; sourceTree = "<group>"; };
		BD6BDC042645118500C67FE1 /* 937.png */ = {isa = PBXFileReference; lastKnownFileType = image.png; path = 937.png; sourceTree = "<group>"; };
		BD6BDC052645118500C67FE1 /* 625.png */ = {isa = PBXFileReference; lastKnownFileType = image.png; path = 625.png; sourceTree = "<group>"; };
		BD6BDC062645118500C67FE1 /* 938.png */ = {isa = PBXFileReference; lastKnownFileType = image.png; path = 938.png; sourceTree = "<group>"; };
		BD6BDC072645118500C67FE1 /* 691.png */ = {isa = PBXFileReference; lastKnownFileType = image.png; path = 691.png; sourceTree = "<group>"; };
		BD6BDC082645118500C67FE1 /* 651.png */ = {isa = PBXFileReference; lastKnownFileType = image.png; path = 651.png; sourceTree = "<group>"; };
		BD6BDC092645118500C67FE1 /* 698.png */ = {isa = PBXFileReference; lastKnownFileType = image.png; path = 698.png; sourceTree = "<group>"; };
		BD6BDC0A2645118500C67FE1 /* 657.png */ = {isa = PBXFileReference; lastKnownFileType = image.png; path = 657.png; sourceTree = "<group>"; };
		BD6BDC0B2645118500C67FE1 /* 605.png */ = {isa = PBXFileReference; lastKnownFileType = image.png; path = 605.png; sourceTree = "<group>"; };
		BD6BDC0C2645118500C67FE1 /* 668.png */ = {isa = PBXFileReference; lastKnownFileType = image.png; path = 668.png; sourceTree = "<group>"; };
		BD6BDC0D2645118500C67FE1 /* 660.png */ = {isa = PBXFileReference; lastKnownFileType = image.png; path = 660.png; sourceTree = "<group>"; };
		BD6BDC0E2645118500C67FE1 /* 608.png */ = {isa = PBXFileReference; lastKnownFileType = image.png; path = 608.png; sourceTree = "<group>"; };
		BD6BDC0F2645118500C67FE1 /* 939.png */ = {isa = PBXFileReference; lastKnownFileType = image.png; path = 939.png; sourceTree = "<group>"; };
		BD6BDC102645118500C67FE1 /* 623.png */ = {isa = PBXFileReference; lastKnownFileType = image.png; path = 623.png; sourceTree = "<group>"; };
		BD6BDC112645118500C67FE1 /* 648.png */ = {isa = PBXFileReference; lastKnownFileType = image.png; path = 648.png; sourceTree = "<group>"; };
		BD6BDC122645118500C67FE1 /* 670.png */ = {isa = PBXFileReference; lastKnownFileType = image.png; path = 670.png; sourceTree = "<group>"; };
		BD6BDC132645118600C67FE1 /* 658.png */ = {isa = PBXFileReference; lastKnownFileType = image.png; path = 658.png; sourceTree = "<group>"; };
		BD6BDC142645118600C67FE1 /* 901.png */ = {isa = PBXFileReference; lastKnownFileType = image.png; path = 901.png; sourceTree = "<group>"; };
		BD6BDC152645118600C67FE1 /* 944.png */ = {isa = PBXFileReference; lastKnownFileType = image.png; path = 944.png; sourceTree = "<group>"; };
		BD6BDC162645118600C67FE1 /* 914.png */ = {isa = PBXFileReference; lastKnownFileType = image.png; path = 914.png; sourceTree = "<group>"; };
		BD6BDC172645118600C67FE1 /* 642.png */ = {isa = PBXFileReference; lastKnownFileType = image.png; path = 642.png; sourceTree = "<group>"; };
		BD6BDC182645118600C67FE1 /* 948.png */ = {isa = PBXFileReference; lastKnownFileType = image.png; path = 948.png; sourceTree = "<group>"; };
		BD6BDC192645118600C67FE1 /* 922.png */ = {isa = PBXFileReference; lastKnownFileType = image.png; path = 922.png; sourceTree = "<group>"; };
		BD6BDC1A2645118600C67FE1 /* 622.png */ = {isa = PBXFileReference; lastKnownFileType = image.png; path = 622.png; sourceTree = "<group>"; };
		BD6BDC1B2645118600C67FE1 /* 685.png */ = {isa = PBXFileReference; lastKnownFileType = image.png; path = 685.png; sourceTree = "<group>"; };
		BD6BDC1C2645118600C67FE1 /* 999.png */ = {isa = PBXFileReference; lastKnownFileType = image.png; path = 999.png; sourceTree = "<group>"; };
		BD6BDC1D2645118600C67FE1 /* 686.png */ = {isa = PBXFileReference; lastKnownFileType = image.png; path = 686.png; sourceTree = "<group>"; };
		BD6BDC1E2645118600C67FE1 /* 925.png */ = {isa = PBXFileReference; lastKnownFileType = image.png; path = 925.png; sourceTree = "<group>"; };
		BD6BDC1F2645118600C67FE1 /* 970.png */ = {isa = PBXFileReference; lastKnownFileType = image.png; path = 970.png; sourceTree = "<group>"; };
		BD6BDC202645118600C67FE1 /* 618.png */ = {isa = PBXFileReference; lastKnownFileType = image.png; path = 618.png; sourceTree = "<group>"; };
		BD6BDC212645118600C67FE1 /* 684.png */ = {isa = PBXFileReference; lastKnownFileType = image.png; path = 684.png; sourceTree = "<group>"; };
		BD6BDC222645118600C67FE1 /* 673.png */ = {isa = PBXFileReference; lastKnownFileType = image.png; path = 673.png; sourceTree = "<group>"; };
		BD6BDC232645118600C67FE1 /* 992.png */ = {isa = PBXFileReference; lastKnownFileType = image.png; path = 992.png; sourceTree = "<group>"; };
		BD6BDC242645118600C67FE1 /* 978.png */ = {isa = PBXFileReference; lastKnownFileType = image.png; path = 978.png; sourceTree = "<group>"; };
		BD6BDC252645118600C67FE1 /* 959.png */ = {isa = PBXFileReference; lastKnownFileType = image.png; path = 959.png; sourceTree = "<group>"; };
		BD6BDC262645118600C67FE1 /* 612.png */ = {isa = PBXFileReference; lastKnownFileType = image.png; path = 612.png; sourceTree = "<group>"; };
		BD6BDC272645118600C67FE1 /* 682.png */ = {isa = PBXFileReference; lastKnownFileType = image.png; path = 682.png; sourceTree = "<group>"; };
		BD6BDC282645118600C67FE1 /* 950.png */ = {isa = PBXFileReference; lastKnownFileType = image.png; path = 950.png; sourceTree = "<group>"; };
		BD6BDC292645118600C67FE1 /* 935.png */ = {isa = PBXFileReference; lastKnownFileType = image.png; path = 935.png; sourceTree = "<group>"; };
		BD6BDC2A2645118600C67FE1 /* 636.png */ = {isa = PBXFileReference; lastKnownFileType = image.png; path = 636.png; sourceTree = "<group>"; };
		BD6BDC2B2645118600C67FE1 /* 915.png */ = {isa = PBXFileReference; lastKnownFileType = image.png; path = 915.png; sourceTree = "<group>"; };
		BD6BDC2C2645118600C67FE1 /* 977.png */ = {isa = PBXFileReference; lastKnownFileType = image.png; path = 977.png; sourceTree = "<group>"; };
		BD6BDC2D2645118600C67FE1 /* 638.png */ = {isa = PBXFileReference; lastKnownFileType = image.png; path = 638.png; sourceTree = "<group>"; };
		BD6BDC2E2645118600C67FE1 /* 644.png */ = {isa = PBXFileReference; lastKnownFileType = image.png; path = 644.png; sourceTree = "<group>"; };
		BD6BDC2F2645118600C67FE1 /* 908.png */ = {isa = PBXFileReference; lastKnownFileType = image.png; path = 908.png; sourceTree = "<group>"; };
		BD6BDC302645118600C67FE1 /* 664.png */ = {isa = PBXFileReference; lastKnownFileType = image.png; path = 664.png; sourceTree = "<group>"; };
		BD6BDC312645118600C67FE1 /* 916.png */ = {isa = PBXFileReference; lastKnownFileType = image.png; path = 916.png; sourceTree = "<group>"; };
		BD6BDC322645118600C67FE1 /* 951.png */ = {isa = PBXFileReference; lastKnownFileType = image.png; path = 951.png; sourceTree = "<group>"; };
		BD6BDC332645118700C67FE1 /* 947.png */ = {isa = PBXFileReference; lastKnownFileType = image.png; path = 947.png; sourceTree = "<group>"; };
		BD6BDC342645118700C67FE1 /* 647.png */ = {isa = PBXFileReference; lastKnownFileType = image.png; path = 647.png; sourceTree = "<group>"; };
		BD6BDC352645118700C67FE1 /* 615.png */ = {isa = PBXFileReference; lastKnownFileType = image.png; path = 615.png; sourceTree = "<group>"; };
		BD6BDC362645118700C67FE1 /* 641.png */ = {isa = PBXFileReference; lastKnownFileType = image.png; path = 641.png; sourceTree = "<group>"; };
		BD6BDC372645118700C67FE1 /* 650.png */ = {isa = PBXFileReference; lastKnownFileType = image.png; path = 650.png; sourceTree = "<group>"; };
		BD6BDC382645118700C67FE1 /* 674.png */ = {isa = PBXFileReference; lastKnownFileType = image.png; path = 674.png; sourceTree = "<group>"; };
		BD6BDC392645118700C67FE1 /* 700.png */ = {isa = PBXFileReference; lastKnownFileType = image.png; path = 700.png; sourceTree = "<group>"; };
		BD6BDC3A2645118700C67FE1 /* 942.png */ = {isa = PBXFileReference; lastKnownFileType = image.png; path = 942.png; sourceTree = "<group>"; };
		BD6BDC3B2645118700C67FE1 /* 654.png */ = {isa = PBXFileReference; lastKnownFileType = image.png; path = 654.png; sourceTree = "<group>"; };
		BD6BDC3C2645118700C67FE1 /* 611.png */ = {isa = PBXFileReference; lastKnownFileType = image.png; path = 611.png; sourceTree = "<group>"; };
		BD6BDC3D2645118700C67FE1 /* 974.png */ = {isa = PBXFileReference; lastKnownFileType = image.png; path = 974.png; sourceTree = "<group>"; };
		BD6BDC3E2645118700C67FE1 /* 624.png */ = {isa = PBXFileReference; lastKnownFileType = image.png; path = 624.png; sourceTree = "<group>"; };
		BD6BDC3F2645118700C67FE1 /* 946.png */ = {isa = PBXFileReference; lastKnownFileType = image.png; path = 946.png; sourceTree = "<group>"; };
		BD6BDC402645118700C67FE1 /* 609.png */ = {isa = PBXFileReference; lastKnownFileType = image.png; path = 609.png; sourceTree = "<group>"; };
		BD6BDC412645118700C67FE1 /* 688.png */ = {isa = PBXFileReference; lastKnownFileType = image.png; path = 688.png; sourceTree = "<group>"; };
		BD6BDC422645118700C67FE1 /* 678.png */ = {isa = PBXFileReference; lastKnownFileType = image.png; path = 678.png; sourceTree = "<group>"; };
		BD6BDC432645118700C67FE1 /* 940.png */ = {isa = PBXFileReference; lastKnownFileType = image.png; path = 940.png; sourceTree = "<group>"; };
		BD6BDC442645118700C67FE1 /* 635.png */ = {isa = PBXFileReference; lastKnownFileType = image.png; path = 635.png; sourceTree = "<group>"; };
		BD6BDC452645118700C67FE1 /* 986.png */ = {isa = PBXFileReference; lastKnownFileType = image.png; path = 986.png; sourceTree = "<group>"; };
		BD6BDC462645118700C67FE1 /* 902.png */ = {isa = PBXFileReference; lastKnownFileType = image.png; path = 902.png; sourceTree = "<group>"; };
		BD6BDC472645118700C67FE1 /* 662.png */ = {isa = PBXFileReference; lastKnownFileType = image.png; path = 662.png; sourceTree = "<group>"; };
		BD6BDC482645118700C67FE1 /* 976.png */ = {isa = PBXFileReference; lastKnownFileType = image.png; path = 976.png; sourceTree = "<group>"; };
		BD6BDC492645118700C67FE1 /* 683.png */ = {isa = PBXFileReference; lastKnownFileType = image.png; path = 683.png; sourceTree = "<group>"; };
		BD6BDC4A2645118700C67FE1 /* 696.png */ = {isa = PBXFileReference; lastKnownFileType = image.png; path = 696.png; sourceTree = "<group>"; };
		BD6BDC4B2645118700C67FE1 /* 907.png */ = {isa = PBXFileReference; lastKnownFileType = image.png; path = 907.png; sourceTree = "<group>"; };
		BD6BDC4C2645118700C67FE1 /* 621.png */ = {isa = PBXFileReference; lastKnownFileType = image.png; path = 621.png; sourceTree = "<group>"; };
		BD6BDC4D2645118700C67FE1 /* 661.png */ = {isa = PBXFileReference; lastKnownFileType = image.png; path = 661.png; sourceTree = "<group>"; };
		BD6BDC4E2645118700C67FE1 /* 923.png */ = {isa = PBXFileReference; lastKnownFileType = image.png; path = 923.png; sourceTree = "<group>"; };
		BD6BDC4F2645118700C67FE1 /* 606.png */ = {isa = PBXFileReference; lastKnownFileType = image.png; path = 606.png; sourceTree = "<group>"; };
		BD6BDC502645118700C67FE1 /* 632.png */ = {isa = PBXFileReference; lastKnownFileType = image.png; path = 632.png; sourceTree = "<group>"; };
		BD6BDC512645118700C67FE1 /* 620.png */ = {isa = PBXFileReference; lastKnownFileType = image.png; path = 620.png; sourceTree = "<group>"; };
		BD6BDC522645118800C67FE1 /* 953.png */ = {isa = PBXFileReference; lastKnownFileType = image.png; path = 953.png; sourceTree = "<group>"; };
		BD6BDC532645118800C67FE1 /* 998.png */ = {isa = PBXFileReference; lastKnownFileType = image.png; path = 998.png; sourceTree = "<group>"; };
		BD6BDC542645118800C67FE1 /* 958.png */ = {isa = PBXFileReference; lastKnownFileType = image.png; path = 958.png; sourceTree = "<group>"; };
		BD6BDC552645118800C67FE1 /* 909.png */ = {isa = PBXFileReference; lastKnownFileType = image.png; path = 909.png; sourceTree = "<group>"; };
		BD6BDC562645118800C67FE1 /* 927.png */ = {isa = PBXFileReference; lastKnownFileType = image.png; path = 927.png; sourceTree = "<group>"; };
		BD6BDC572645118800C67FE1 /* 934.png */ = {isa = PBXFileReference; lastKnownFileType = image.png; path = 934.png; sourceTree = "<group>"; };
		BD6BDC582645118800C67FE1 /* 984.png */ = {isa = PBXFileReference; lastKnownFileType = image.png; path = 984.png; sourceTree = "<group>"; };
		BD6BDC592645118800C67FE1 /* 920.png */ = {isa = PBXFileReference; lastKnownFileType = image.png; path = 920.png; sourceTree = "<group>"; };
		BD6BDC5A2645118800C67FE1 /* 649.png */ = {isa = PBXFileReference; lastKnownFileType = image.png; path = 649.png; sourceTree = "<group>"; };
		BD6BDC5B2645118800C67FE1 /* 656.png */ = {isa = PBXFileReference; lastKnownFileType = image.png; path = 656.png; sourceTree = "<group>"; };
		BD6BDC5C2645118800C67FE1 /* 956.png */ = {isa = PBXFileReference; lastKnownFileType = image.png; path = 956.png; sourceTree = "<group>"; };
		BD6BDC5D2645118800C67FE1 /* 980.png */ = {isa = PBXFileReference; lastKnownFileType = image.png; path = 980.png; sourceTree = "<group>"; };
		BD6BDC5E2645118800C67FE1 /* 996.png */ = {isa = PBXFileReference; lastKnownFileType = image.png; path = 996.png; sourceTree = "<group>"; };
		BD6BDC5F2645118800C67FE1 /* 653.png */ = {isa = PBXFileReference; lastKnownFileType = image.png; path = 653.png; sourceTree = "<group>"; };
		BD6BDC602645118800C67FE1 /* 634.png */ = {isa = PBXFileReference; lastKnownFileType = image.png; path = 634.png; sourceTree = "<group>"; };
		BD6BDC612645118800C67FE1 /* 602.png */ = {isa = PBXFileReference; lastKnownFileType = image.png; path = 602.png; sourceTree = "<group>"; };
		BD6BDC622645118800C67FE1 /* 601.png */ = {isa = PBXFileReference; lastKnownFileType = image.png; path = 601.png; sourceTree = "<group>"; };
		BD6BDC632645118800C67FE1 /* 911.png */ = {isa = PBXFileReference; lastKnownFileType = image.png; path = 911.png; sourceTree = "<group>"; };
		BD6BDC642645118800C67FE1 /* 671.png */ = {isa = PBXFileReference; lastKnownFileType = image.png; path = 671.png; sourceTree = "<group>"; };
		BD6BDC652645118800C67FE1 /* 607.png */ = {isa = PBXFileReference; lastKnownFileType = image.png; path = 607.png; sourceTree = "<group>"; };
		BD6BDC662645118800C67FE1 /* 933.png */ = {isa = PBXFileReference; lastKnownFileType = image.png; path = 933.png; sourceTree = "<group>"; };
		BD6BDC672645118800C67FE1 /* 994.png */ = {isa = PBXFileReference; lastKnownFileType = image.png; path = 994.png; sourceTree = "<group>"; };
		BD6BDC682645118800C67FE1 /* 1000.png */ = {isa = PBXFileReference; lastKnownFileType = image.png; path = 1000.png; sourceTree = "<group>"; };
		BD6BDC692645118800C67FE1 /* 993.png */ = {isa = PBXFileReference; lastKnownFileType = image.png; path = 993.png; sourceTree = "<group>"; };
		BD6BDC6A2645118800C67FE1 /* 918.png */ = {isa = PBXFileReference; lastKnownFileType = image.png; path = 918.png; sourceTree = "<group>"; };
		BD6BDC6B2645118800C67FE1 /* 666.png */ = {isa = PBXFileReference; lastKnownFileType = image.png; path = 666.png; sourceTree = "<group>"; };
		BD6BDC6C2645118800C67FE1 /* 991.png */ = {isa = PBXFileReference; lastKnownFileType = image.png; path = 991.png; sourceTree = "<group>"; };
		BD6BDC6D2645118800C67FE1 /* 952.png */ = {isa = PBXFileReference; lastKnownFileType = image.png; path = 952.png; sourceTree = "<group>"; };
		BD6BDC6E2645118800C67FE1 /* 604.png */ = {isa = PBXFileReference; lastKnownFileType = image.png; path = 604.png; sourceTree = "<group>"; };
		BD6BDC6F2645118800C67FE1 /* 672.png */ = {isa = PBXFileReference; lastKnownFileType = image.png; path = 672.png; sourceTree = "<group>"; };
		BD6BDC702645118800C67FE1 /* 957.png */ = {isa = PBXFileReference; lastKnownFileType = image.png; path = 957.png; sourceTree = "<group>"; };
		BD6BDC712645118800C67FE1 /* 988.png */ = {isa = PBXFileReference; lastKnownFileType = image.png; path = 988.png; sourceTree = "<group>"; };
		BD6BDC722645118900C67FE1 /* 905.png */ = {isa = PBXFileReference; lastKnownFileType = image.png; path = 905.png; sourceTree = "<group>"; };
		BD6BDC732645118900C67FE1 /* 975.png */ = {isa = PBXFileReference; lastKnownFileType = image.png; path = 975.png; sourceTree = "<group>"; };
		BD6BDC742645118900C67FE1 /* 639.png */ = {isa = PBXFileReference; lastKnownFileType = image.png; path = 639.png; sourceTree = "<group>"; };
		BD6BDC752645118900C67FE1 /* 960.png */ = {isa = PBXFileReference; lastKnownFileType = image.png; path = 960.png; sourceTree = "<group>"; };
		BD6BDC762645118900C67FE1 /* 694.png */ = {isa = PBXFileReference; lastKnownFileType = image.png; path = 694.png; sourceTree = "<group>"; };
		BD6BDC772645118900C67FE1 /* 941.png */ = {isa = PBXFileReference; lastKnownFileType = image.png; path = 941.png; sourceTree = "<group>"; };
		BD6BDC782645118900C67FE1 /* 640.png */ = {isa = PBXFileReference; lastKnownFileType = image.png; path = 640.png; sourceTree = "<group>"; };
		BD6BDC792645118900C67FE1 /* 973.png */ = {isa = PBXFileReference; lastKnownFileType = image.png; path = 973.png; sourceTree = "<group>"; };
		BD6BDC7A2645118900C67FE1 /* 689.png */ = {isa = PBXFileReference; lastKnownFileType = image.png; path = 689.png; sourceTree = "<group>"; };
		BD6BDC7B2645118900C67FE1 /* 680.png */ = {isa = PBXFileReference; lastKnownFileType = image.png; path = 680.png; sourceTree = "<group>"; };
		BD6BDC7C2645118900C67FE1 /* 663.png */ = {isa = PBXFileReference; lastKnownFileType = image.png; path = 663.png; sourceTree = "<group>"; };
		BD6BDC7D2645118900C67FE1 /* 965.png */ = {isa = PBXFileReference; lastKnownFileType = image.png; path = 965.png; sourceTree = "<group>"; };
		BD6BDC7E2645118900C67FE1 /* 928.png */ = {isa = PBXFileReference; lastKnownFileType = image.png; path = 928.png; sourceTree = "<group>"; };
		BD6BDC7F2645118900C67FE1 /* 936.png */ = {isa = PBXFileReference; lastKnownFileType = image.png; path = 936.png; sourceTree = "<group>"; };
		BD6BDC802645118900C67FE1 /* 906.png */ = {isa = PBXFileReference; lastKnownFileType = image.png; path = 906.png; sourceTree = "<group>"; };
		BD6BDC812645118900C67FE1 /* 989.png */ = {isa = PBXFileReference; lastKnownFileType = image.png; path = 989.png; sourceTree = "<group>"; };
		BD6BDC822645118900C67FE1 /* 679.png */ = {isa = PBXFileReference; lastKnownFileType = image.png; path = 679.png; sourceTree = "<group>"; };
		BD6BDC832645118900C67FE1 /* 924.png */ = {isa = PBXFileReference; lastKnownFileType = image.png; path = 924.png; sourceTree = "<group>"; };
		BD6BDC842645118900C67FE1 /* 665.png */ = {isa = PBXFileReference; lastKnownFileType = image.png; path = 665.png; sourceTree = "<group>"; };
		BD6BDC852645118900C67FE1 /* 954.png */ = {isa = PBXFileReference; lastKnownFileType = image.png; path = 954.png; sourceTree = "<group>"; };
		BD6BDC862645118900C67FE1 /* 646.png */ = {isa = PBXFileReference; lastKnownFileType = image.png; path = 646.png; sourceTree = "<group>"; };
		BD6BDC872645118900C67FE1 /* 921.png */ = {isa = PBXFileReference; lastKnownFileType = image.png; path = 921.png; sourceTree = "<group>"; };
		BD6BDC882645118900C67FE1 /* 627.png */ = {isa = PBXFileReference; lastKnownFileType = image.png; path = 627.png; sourceTree = "<group>"; };
		BD6BDC892645118900C67FE1 /* 955.png */ = {isa = PBXFileReference; lastKnownFileType = image.png; path = 955.png; sourceTree = "<group>"; };
		BD6BDC8A2645118900C67FE1 /* 949.png */ = {isa = PBXFileReference; lastKnownFileType = image.png; path = 949.png; sourceTree = "<group>"; };
		BD6BDC8B2645118900C67FE1 /* 675.png */ = {isa = PBXFileReference; lastKnownFileType = image.png; path = 675.png; sourceTree = "<group>"; };
		BD6BDC8C2645118A00C67FE1 /* 961.png */ = {isa = PBXFileReference; lastKnownFileType = image.png; path = 961.png; sourceTree = "<group>"; };
		BD6BDC8D2645118A00C67FE1 /* 972.png */ = {isa = PBXFileReference; lastKnownFileType = image.png; path = 972.png; sourceTree = "<group>"; };
		BD6BDC8E2645118A00C67FE1 /* 930.png */ = {isa = PBXFileReference; lastKnownFileType = image.png; path = 930.png; sourceTree = "<group>"; };
		BD6BDD572645182B00C67FE1 /* PrefixHeader.pch */ = {isa = PBXFileReference; lastKnownFileType = sourcecode.c.h; path = PrefixHeader.pch; sourceTree = "<group>"; };
		BDA23FCD2625D405000B3B8B /* WebViewController.h */ = {isa = PBXFileReference; lastKnownFileType = sourcecode.c.h; path = WebViewController.h; sourceTree = "<group>"; };
		BDA23FCE2625D405000B3B8B /* WebViewController.m */ = {isa = PBXFileReference; lastKnownFileType = sourcecode.c.objc; path = WebViewController.m; sourceTree = "<group>"; };
		BDA23FD42625D705000B3B8B /* URLSchemeHandler.h */ = {isa = PBXFileReference; lastKnownFileType = sourcecode.c.h; path = URLSchemeHandler.h; sourceTree = "<group>"; };
		BDA23FD52625D705000B3B8B /* URLSchemeHandler.m */ = {isa = PBXFileReference; lastKnownFileType = sourcecode.c.objc; path = URLSchemeHandler.m; sourceTree = "<group>"; };
		BDA23FD82625DE75000B3B8B /* MobileCoreServices.framework */ = {isa = PBXFileReference; lastKnownFileType = wrapper.framework; name = MobileCoreServices.framework; path = System/Library/Frameworks/MobileCoreServices.framework; sourceTree = SDKROOT; };
		BDA23FDF2625EA1F000B3B8B /* WKWebView+Custom.h */ = {isa = PBXFileReference; lastKnownFileType = sourcecode.c.h; path = "WKWebView+Custom.h"; sourceTree = "<group>"; };
		BDA23FE02625EA1F000B3B8B /* WKWebView+Custom.m */ = {isa = PBXFileReference; lastKnownFileType = sourcecode.c.objc; path = "WKWebView+Custom.m"; sourceTree = "<group>"; };
		BDCDAE71264427DE002C3B34 /* 1的副本.csv */ = {isa = PBXFileReference; fileEncoding = 4; lastKnownFileType = text; path = "1的副本.csv"; sourceTree = "<group>"; };
		BDDAE1F3263E93E900457C9D /* 1.csv */ = {isa = PBXFileReference; fileEncoding = 4; lastKnownFileType = text; path = 1.csv; sourceTree = "<group>"; };
		BDDAE20426423F5F00457C9D /* FacematchController.h */ = {isa = PBXFileReference; lastKnownFileType = sourcecode.c.h; path = FacematchController.h; sourceTree = "<group>"; };
		BDDAE20526423F5F00457C9D /* FacematchController.m */ = {isa = PBXFileReference; lastKnownFileType = sourcecode.c.objc; path = FacematchController.m; sourceTree = "<group>"; };
		BDDAE2D326427A7A00457C9D /* JQUploadPicRequest.h */ = {isa = PBXFileReference; fileEncoding = 4; lastKnownFileType = sourcecode.c.h; path = JQUploadPicRequest.h; sourceTree = "<group>"; };
		BDDAE2D426427A7A00457C9D /* UIImage+GCAdd.m */ = {isa = PBXFileReference; fileEncoding = 4; lastKnownFileType = sourcecode.c.objc; path = "UIImage+GCAdd.m"; sourceTree = "<group>"; };
		BDDAE2D526427A7A00457C9D /* JQResulltViewController.m */ = {isa = PBXFileReference; fileEncoding = 4; lastKnownFileType = sourcecode.c.objc; path = JQResulltViewController.m; sourceTree = "<group>"; };
		BDDAE2D626427A7A00457C9D /* JQResulltViewController.h */ = {isa = PBXFileReference; fileEncoding = 4; lastKnownFileType = sourcecode.c.h; path = JQResulltViewController.h; sourceTree = "<group>"; };
		BDDAE2D726427A7A00457C9D /* UIImage+GCAdd.h */ = {isa = PBXFileReference; fileEncoding = 4; lastKnownFileType = sourcecode.c.h; path = "UIImage+GCAdd.h"; sourceTree = "<group>"; };
		BDDAE2D826427A7A00457C9D /* JQUploadPicRequest.m */ = {isa = PBXFileReference; fileEncoding = 4; lastKnownFileType = sourcecode.c.objc; path = JQUploadPicRequest.m; sourceTree = "<group>"; };
		BDDAE3122642DB7800457C9D /* MMLocationParser.h */ = {isa = PBXFileReference; fileEncoding = 4; lastKnownFileType = sourcecode.c.h; path = MMLocationParser.h; sourceTree = "<group>"; };
		BDDAE3132642DB7800457C9D /* MMLocationParser.m */ = {isa = PBXFileReference; fileEncoding = 4; lastKnownFileType = sourcecode.c.objc; path = MMLocationParser.m; sourceTree = "<group>"; };
		BDFA6E6125A34004005C59CF /* Test.app */ = {isa = PBXFileReference; explicitFileType = wrapper.application; includeInIndex = 0; path = Test.app; sourceTree = BUILT_PRODUCTS_DIR; };
		BDFA6E6425A34004005C59CF /* AppDelegate.h */ = {isa = PBXFileReference; lastKnownFileType = sourcecode.c.h; path = AppDelegate.h; sourceTree = "<group>"; };
		BDFA6E6525A34004005C59CF /* AppDelegate.m */ = {isa = PBXFileReference; lastKnownFileType = sourcecode.c.objc; path = AppDelegate.m; sourceTree = "<group>"; };
		BDFA6E6A25A34004005C59CF /* ViewController.h */ = {isa = PBXFileReference; lastKnownFileType = sourcecode.c.h; path = ViewController.h; sourceTree = "<group>"; };
		BDFA6E6B25A34004005C59CF /* ViewController.m */ = {isa = PBXFileReference; lastKnownFileType = sourcecode.c.objc; path = ViewController.m; sourceTree = "<group>"; };
		BDFA6E7025A34006005C59CF /* Assets.xcassets */ = {isa = PBXFileReference; lastKnownFileType = folder.assetcatalog; path = Assets.xcassets; sourceTree = "<group>"; };
		BDFA6E7325A34006005C59CF /* Base */ = {isa = PBXFileReference; lastKnownFileType = file.storyboard; name = Base; path = Base.lproj/LaunchScreen.storyboard; sourceTree = "<group>"; };
		BDFA6E7525A34006005C59CF /* Info.plist */ = {isa = PBXFileReference; lastKnownFileType = text.plist.xml; path = Info.plist; sourceTree = "<group>"; };
		BDFA6E7625A34006005C59CF /* main.m */ = {isa = PBXFileReference; lastKnownFileType = sourcecode.c.objc; path = main.m; sourceTree = "<group>"; };
		BDFA6E7F25A340CB005C59CF /* OneController.h */ = {isa = PBXFileReference; lastKnownFileType = sourcecode.c.h; path = OneController.h; sourceTree = "<group>"; };
		BDFA6E8025A340CB005C59CF /* OneController.m */ = {isa = PBXFileReference; lastKnownFileType = sourcecode.c.objc; path = OneController.m; sourceTree = "<group>"; };
		BDFA6E8525A340D6005C59CF /* TwoController.h */ = {isa = PBXFileReference; lastKnownFileType = sourcecode.c.h; path = TwoController.h; sourceTree = "<group>"; };
		BDFA6E8625A340D6005C59CF /* TwoController.m */ = {isa = PBXFileReference; lastKnownFileType = sourcecode.c.objc; path = TwoController.m; sourceTree = "<group>"; };
		ECF24A3D8D41607ADD4F41A1 /* Pods-Test.debug.xcconfig */ = {isa = PBXFileReference; includeInIndex = 1; lastKnownFileType = text.xcconfig; name = "Pods-Test.debug.xcconfig"; path = "Target Support Files/Pods-Test/Pods-Test.debug.xcconfig"; sourceTree = "<group>"; };
/* End PBXFileReference section */

/* Begin PBXFrameworksBuildPhase section */
		BDFA6E5E25A34004005C59CF /* Frameworks */ = {
			isa = PBXFrameworksBuildPhase;
			buildActionMask = 2147483647;
			files = (
				BDA23FD92625DE75000B3B8B /* MobileCoreServices.framework in Frameworks */,
				590F7C40C8BAE71A9780E40D /* Pods_Test.framework in Frameworks */,
			);
			runOnlyForDeploymentPostprocessing = 0;
		};
/* End PBXFrameworksBuildPhase section */

/* Begin PBXGroup section */
		7A51558541255451E4B74393 /* Frameworks */ = {
			isa = PBXGroup;
			children = (
				BDA23FD82625DE75000B3B8B /* MobileCoreServices.framework */,
				1F4C433743BD5833F3737EC9 /* Pods_Test.framework */,
			);
			name = Frameworks;
			sourceTree = "<group>";
		};
		BD6BDBC626450CEA00C67FE1 /* photos */ = {
			isa = PBXGroup;
			children = (
				BD6BDC622645118800C67FE1 /* 601.png */,
				BD6BDC612645118800C67FE1 /* 602.png */,
				BD6BDBFF2645118500C67FE1 /* 603.png */,
				BD6BDC6E2645118800C67FE1 /* 604.png */,
				BD6BDC0B2645118500C67FE1 /* 605.png */,
				BD6BDC4F2645118700C67FE1 /* 606.png */,
				BD6BDC652645118800C67FE1 /* 607.png */,
				BD6BDC0E2645118500C67FE1 /* 608.png */,
				BD6BDC402645118700C67FE1 /* 609.png */,
				BD6BDBE92645118400C67FE1 /* 610.png */,
				BD6BDC3C2645118700C67FE1 /* 611.png */,
				BD6BDC262645118600C67FE1 /* 612.png */,
				BD6BDBCF2645118300C67FE1 /* 613.png */,
				BD6BDBCD2645118300C67FE1 /* 614.png */,
				BD6BDC352645118700C67FE1 /* 615.png */,
				BD6BDBEB2645118400C67FE1 /* 616.png */,
				BD6BDBDF2645118400C67FE1 /* 617.png */,
				BD6BDC202645118600C67FE1 /* 618.png */,
				BD6BDBDB2645118400C67FE1 /* 619.png */,
				BD6BDC512645118700C67FE1 /* 620.png */,
				BD6BDC4C2645118700C67FE1 /* 621.png */,
				BD6BDC1A2645118600C67FE1 /* 622.png */,
				BD6BDC102645118500C67FE1 /* 623.png */,
				BD6BDC3E2645118700C67FE1 /* 624.png */,
				BD6BDC052645118500C67FE1 /* 625.png */,
				BD6BDBFD2645118500C67FE1 /* 626.png */,
				BD6BDC882645118900C67FE1 /* 627.png */,
				BD6BDBFC2645118500C67FE1 /* 628.png */,
				BD6BDBCE2645118300C67FE1 /* 629.png */,
				BD6BDBDD2645118400C67FE1 /* 630.png */,
				BD6BDBDE2645118400C67FE1 /* 631.png */,
				BD6BDC502645118700C67FE1 /* 632.png */,
				BD6BDBF32645118400C67FE1 /* 633.png */,
				BD6BDC602645118800C67FE1 /* 634.png */,
				BD6BDC442645118700C67FE1 /* 635.png */,
				BD6BDC2A2645118600C67FE1 /* 636.png */,
				BD6BDBD52645118300C67FE1 /* 637.png */,
				BD6BDC2D2645118600C67FE1 /* 638.png */,
				BD6BDC742645118900C67FE1 /* 639.png */,
				BD6BDC782645118900C67FE1 /* 640.png */,
				BD6BDC362645118700C67FE1 /* 641.png */,
				BD6BDC172645118600C67FE1 /* 642.png */,
				BD6BDBF02645118400C67FE1 /* 643.png */,
				BD6BDC2E2645118600C67FE1 /* 644.png */,
				BD6BDBC72645118300C67FE1 /* 645.png */,
				BD6BDC862645118900C67FE1 /* 646.png */,
				BD6BDC342645118700C67FE1 /* 647.png */,
				BD6BDC112645118500C67FE1 /* 648.png */,
				BD6BDC5A2645118800C67FE1 /* 649.png */,
				BD6BDC372645118700C67FE1 /* 650.png */,
				BD6BDC082645118500C67FE1 /* 651.png */,
				BD6BDBD12645118300C67FE1 /* 652.png */,
				BD6BDC5F2645118800C67FE1 /* 653.png */,
				BD6BDC3B2645118700C67FE1 /* 654.png */,
				BD6BDBE62645118400C67FE1 /* 655.png */,
				BD6BDC5B2645118800C67FE1 /* 656.png */,
				BD6BDC0A2645118500C67FE1 /* 657.png */,
				BD6BDC132645118600C67FE1 /* 658.png */,
				BD6BDBF22645118400C67FE1 /* 659.png */,
				BD6BDC0D2645118500C67FE1 /* 660.png */,
				BD6BDC4D2645118700C67FE1 /* 661.png */,
				BD6BDC472645118700C67FE1 /* 662.png */,
				BD6BDC7C2645118900C67FE1 /* 663.png */,
				BD6BDC302645118600C67FE1 /* 664.png */,
				BD6BDC842645118900C67FE1 /* 665.png */,
				BD6BDC6B2645118800C67FE1 /* 666.png */,
				BD6BDBF92645118500C67FE1 /* 667.png */,
				BD6BDC0C2645118500C67FE1 /* 668.png */,
				BD6BDC032645118500C67FE1 /* 669.png */,
				BD6BDC122645118500C67FE1 /* 670.png */,
				BD6BDC642645118800C67FE1 /* 671.png */,
				BD6BDC6F2645118800C67FE1 /* 672.png */,
				BD6BDC222645118600C67FE1 /* 673.png */,
				BD6BDC382645118700C67FE1 /* 674.png */,
				BD6BDC8B2645118900C67FE1 /* 675.png */,
				BD6BDBF72645118500C67FE1 /* 676.png */,
				BD6BDBDA2645118400C67FE1 /* 677.png */,
				BD6BDC422645118700C67FE1 /* 678.png */,
				BD6BDC822645118900C67FE1 /* 679.png */,
				BD6BDC7B2645118900C67FE1 /* 680.png */,
				BD6BDBEA2645118400C67FE1 /* 681.png */,
				BD6BDC272645118600C67FE1 /* 682.png */,
				BD6BDC492645118700C67FE1 /* 683.png */,
				BD6BDC212645118600C67FE1 /* 684.png */,
				BD6BDC1B2645118600C67FE1 /* 685.png */,
				BD6BDC1D2645118600C67FE1 /* 686.png */,
				BD6BDBD22645118300C67FE1 /* 687.png */,
				BD6BDC412645118700C67FE1 /* 688.png */,
				BD6BDC7A2645118900C67FE1 /* 689.png */,
				BD6BDBFB2645118500C67FE1 /* 690.png */,
				BD6BDC072645118500C67FE1 /* 691.png */,
				BD6BDBCA2645118300C67FE1 /* 692.png */,
				BD6BDBE52645118400C67FE1 /* 693.png */,
				BD6BDC762645118900C67FE1 /* 694.png */,
				BD6BDBC82645118300C67FE1 /* 695.png */,
				BD6BDC4A2645118700C67FE1 /* 696.png */,
				BD6BDBD92645118400C67FE1 /* 697.png */,
				BD6BDC092645118500C67FE1 /* 698.png */,
				BD6BDBC92645118300C67FE1 /* 699.png */,
				BD6BDC392645118700C67FE1 /* 700.png */,
				BD6BDC142645118600C67FE1 /* 901.png */,
				BD6BDC462645118700C67FE1 /* 902.png */,
				BD6BDBE02645118400C67FE1 /* 903.png */,
				BD6BDBFE2645118500C67FE1 /* 904.png */,
				BD6BDC722645118900C67FE1 /* 905.png */,
				BD6BDC802645118900C67FE1 /* 906.png */,
				BD6BDC4B2645118700C67FE1 /* 907.png */,
				BD6BDC2F2645118600C67FE1 /* 908.png */,
				BD6BDC552645118800C67FE1 /* 909.png */,
				BD6BDBE72645118400C67FE1 /* 910.png */,
				BD6BDC632645118800C67FE1 /* 911.png */,
				BD6BDBEE2645118400C67FE1 /* 912.png */,
				BD6BDBDC2645118400C67FE1 /* 913.png */,
				BD6BDC162645118600C67FE1 /* 914.png */,
				BD6BDC2B2645118600C67FE1 /* 915.png */,
				BD6BDC312645118600C67FE1 /* 916.png */,
				BD6BDBF42645118500C67FE1 /* 917.png */,
				BD6BDC6A2645118800C67FE1 /* 918.png */,
				BD6BDBEF2645118400C67FE1 /* 919.png */,
				BD6BDC592645118800C67FE1 /* 920.png */,
				BD6BDC872645118900C67FE1 /* 921.png */,
				BD6BDC192645118600C67FE1 /* 922.png */,
				BD6BDC4E2645118700C67FE1 /* 923.png */,
				BD6BDC832645118900C67FE1 /* 924.png */,
				BD6BDC1E2645118600C67FE1 /* 925.png */,
				BD6BDC002645118500C67FE1 /* 926.png */,
				BD6BDC562645118800C67FE1 /* 927.png */,
				BD6BDC7E2645118900C67FE1 /* 928.png */,
				BD6BDBE82645118400C67FE1 /* 929.png */,
				BD6BDC8E2645118A00C67FE1 /* 930.png */,
				BD6BDC022645118500C67FE1 /* 931.png */,
				BD6BDBE42645118400C67FE1 /* 932.png */,
				BD6BDC662645118800C67FE1 /* 933.png */,
				BD6BDC572645118800C67FE1 /* 934.png */,
				BD6BDC292645118600C67FE1 /* 935.png */,
				BD6BDC7F2645118900C67FE1 /* 936.png */,
				BD6BDC042645118500C67FE1 /* 937.png */,
				BD6BDC062645118500C67FE1 /* 938.png */,
				BD6BDC0F2645118500C67FE1 /* 939.png */,
				BD6BDC432645118700C67FE1 /* 940.png */,
				BD6BDC772645118900C67FE1 /* 941.png */,
				BD6BDC3A2645118700C67FE1 /* 942.png */,
				BD6BDBD82645118400C67FE1 /* 943.png */,
				BD6BDC152645118600C67FE1 /* 944.png */,
				BD6BDBCC2645118300C67FE1 /* 945.png */,
				BD6BDC3F2645118700C67FE1 /* 946.png */,
				BD6BDC332645118700C67FE1 /* 947.png */,
				BD6BDC182645118600C67FE1 /* 948.png */,
				BD6BDC8A2645118900C67FE1 /* 949.png */,
				BD6BDC282645118600C67FE1 /* 950.png */,
				BD6BDC322645118600C67FE1 /* 951.png */,
				BD6BDC6D2645118800C67FE1 /* 952.png */,
				BD6BDC522645118800C67FE1 /* 953.png */,
				BD6BDC852645118900C67FE1 /* 954.png */,
				BD6BDC892645118900C67FE1 /* 955.png */,
				BD6BDC5C2645118800C67FE1 /* 956.png */,
				BD6BDC702645118800C67FE1 /* 957.png */,
				BD6BDC542645118800C67FE1 /* 958.png */,
				BD6BDC252645118600C67FE1 /* 959.png */,
				BD6BDC752645118900C67FE1 /* 960.png */,
				BD6BDC8C2645118A00C67FE1 /* 961.png */,
				BD6BDBF12645118400C67FE1 /* 962.png */,
				BD6BDBE22645118400C67FE1 /* 963.png */,
				BD6BDBF52645118500C67FE1 /* 964.png */,
				BD6BDC7D2645118900C67FE1 /* 965.png */,
				BD6BDBE12645118400C67FE1 /* 966.png */,
				BD6BDBD02645118300C67FE1 /* 967.png */,
				BD6BDC012645118500C67FE1 /* 968.png */,
				BD6BDBCB2645118300C67FE1 /* 969.png */,
				BD6BDC1F2645118600C67FE1 /* 970.png */,
				BD6BDBFA2645118500C67FE1 /* 971.png */,
				BD6BDC8D2645118A00C67FE1 /* 972.png */,
				BD6BDC792645118900C67FE1 /* 973.png */,
				BD6BDC3D2645118700C67FE1 /* 974.png */,
				BD6BDC732645118900C67FE1 /* 975.png */,
				BD6BDC482645118700C67FE1 /* 976.png */,
				BD6BDC2C2645118600C67FE1 /* 977.png */,
				BD6BDC242645118600C67FE1 /* 978.png */,
				BD6BDBF62645118500C67FE1 /* 979.png */,
				BD6BDC5D2645118800C67FE1 /* 980.png */,
				BD6BDBE32645118400C67FE1 /* 981.png */,
				BD6BDBF82645118500C67FE1 /* 982.png */,
				BD6BDBED2645118400C67FE1 /* 983.png */,
				BD6BDC582645118800C67FE1 /* 984.png */,
				BD6BDBD72645118400C67FE1 /* 985.png */,
				BD6BDC452645118700C67FE1 /* 986.png */,
				BD6BDBD62645118300C67FE1 /* 987.png */,
				BD6BDC712645118800C67FE1 /* 988.png */,
				BD6BDC812645118900C67FE1 /* 989.png */,
				BD6BDBD42645118300C67FE1 /* 990.png */,
				BD6BDC6C2645118800C67FE1 /* 991.png */,
				BD6BDC232645118600C67FE1 /* 992.png */,
				BD6BDC692645118800C67FE1 /* 993.png */,
				BD6BDC672645118800C67FE1 /* 994.png */,
				BD6BDBEC2645118400C67FE1 /* 995.png */,
				BD6BDC5E2645118800C67FE1 /* 996.png */,
				BD6BDBD32645118300C67FE1 /* 997.png */,
				BD6BDC532645118800C67FE1 /* 998.png */,
				BD6BDC1C2645118600C67FE1 /* 999.png */,
				BD6BDC682645118800C67FE1 /* 1000.png */,
			);
			path = photos;
			sourceTree = "<group>";
		};
		BDDAE2D226427A7A00457C9D /* JQFaceOCR */ = {
			isa = PBXGroup;
			children = (
				BDDAE2D326427A7A00457C9D /* JQUploadPicRequest.h */,
				BDDAE2D426427A7A00457C9D /* UIImage+GCAdd.m */,
				BDDAE2D526427A7A00457C9D /* JQResulltViewController.m */,
				BDDAE2D626427A7A00457C9D /* JQResulltViewController.h */,
				BDDAE2D726427A7A00457C9D /* UIImage+GCAdd.h */,
				BDDAE2D826427A7A00457C9D /* JQUploadPicRequest.m */,
			);
			path = JQFaceOCR;
			sourceTree = "<group>";
		};
		BDDAE3112642DB6B00457C9D /* MMLocationParser */ = {
			isa = PBXGroup;
			children = (
				BDDAE3122642DB7800457C9D /* MMLocationParser.h */,
				BDDAE3132642DB7800457C9D /* MMLocationParser.m */,
			);
			path = MMLocationParser;
			sourceTree = "<group>";
		};
		BDFA6E5825A34004005C59CF = {
			isa = PBXGroup;
			children = (
				BDFA6E6325A34004005C59CF /* Test */,
				BDFA6E6225A34004005C59CF /* Products */,
				D47FD1B9B75A68DF07F00518 /* Pods */,
				7A51558541255451E4B74393 /* Frameworks */,
			);
			sourceTree = "<group>";
		};
		BDFA6E6225A34004005C59CF /* Products */ = {
			isa = PBXGroup;
			children = (
				BDFA6E6125A34004005C59CF /* Test.app */,
			);
			name = Products;
			sourceTree = "<group>";
		};
		BDFA6E6325A34004005C59CF /* Test */ = {
			isa = PBXGroup;
			children = (
				BDDAE1F3263E93E900457C9D /* 1.csv */,
				BDCDAE71264427DE002C3B34 /* 1的副本.csv */,
				BDFA6E6425A34004005C59CF /* AppDelegate.h */,
				BDFA6E6525A34004005C59CF /* AppDelegate.m */,
				BDFA6E7025A34006005C59CF /* Assets.xcassets */,
				BDDAE20426423F5F00457C9D /* FacematchController.h */,
				BDDAE20526423F5F00457C9D /* FacematchController.m */,
				BDFA6E7525A34006005C59CF /* Info.plist */,
				BDDAE2D226427A7A00457C9D /* JQFaceOCR */,
				BDFA6E7225A34006005C59CF /* LaunchScreen.storyboard */,
				BDFA6E7625A34006005C59CF /* main.m */,
				BDDAE3112642DB6B00457C9D /* MMLocationParser */,
				BDFA6E7F25A340CB005C59CF /* OneController.h */,
				BDFA6E8025A340CB005C59CF /* OneController.m */,
				BD6BDBC626450CEA00C67FE1 /* photos */,
				BDFA6E8525A340D6005C59CF /* TwoController.h */,
				BDFA6E8625A340D6005C59CF /* TwoController.m */,
				BDA23FD42625D705000B3B8B /* URLSchemeHandler.h */,
				BDA23FD52625D705000B3B8B /* URLSchemeHandler.m */,
				BDFA6E6A25A34004005C59CF /* ViewController.h */,
				BDFA6E6B25A34004005C59CF /* ViewController.m */,
				BDA23FCD2625D405000B3B8B /* WebViewController.h */,
				BDA23FCE2625D405000B3B8B /* WebViewController.m */,
				BDA23FDF2625EA1F000B3B8B /* WKWebView+Custom.h */,
				BDA23FE02625EA1F000B3B8B /* WKWebView+Custom.m */,
				BD6BDD572645182B00C67FE1 /* PrefixHeader.pch */,
			);
			path = Test;
			sourceTree = "<group>";
		};
		D47FD1B9B75A68DF07F00518 /* Pods */ = {
			isa = PBXGroup;
			children = (
				ECF24A3D8D41607ADD4F41A1 /* Pods-Test.debug.xcconfig */,
				A6A42332C79C7C099CB45AB2 /* Pods-Test.release.xcconfig */,
			);
			path = Pods;
			sourceTree = "<group>";
		};
/* End PBXGroup section */

/* Begin PBXNativeTarget section */
		BDFA6E6025A34004005C59CF /* Test */ = {
			isa = PBXNativeTarget;
			buildConfigurationList = BDFA6E7A25A34006005C59CF /* Build configuration list for PBXNativeTarget "Test" */;
			buildPhases = (
				D938B16045D0FD32E326815B /* [CP] Check Pods Manifest.lock */,
				BDFA6E5D25A34004005C59CF /* Sources */,
				BDFA6E5E25A34004005C59CF /* Frameworks */,
				BDFA6E5F25A34004005C59CF /* Resources */,
				F7C5EC0F02CC25A1CC53AAF4 /* [CP] Embed Pods Frameworks */,
			);
			buildRules = (
			);
			dependencies = (
			);
			name = Test;
			productName = Test;
			productReference = BDFA6E6125A34004005C59CF /* Test.app */;
			productType = "com.apple.product-type.application";
		};
/* End PBXNativeTarget section */

/* Begin PBXProject section */
		BDFA6E5925A34004005C59CF /* Project object */ = {
			isa = PBXProject;
			attributes = {
				LastUpgradeCheck = 1200;
				TargetAttributes = {
					BDFA6E6025A34004005C59CF = {
						CreatedOnToolsVersion = 12.0;
					};
				};
			};
			buildConfigurationList = BDFA6E5C25A34004005C59CF /* Build configuration list for PBXProject "Test" */;
			compatibilityVersion = "Xcode 9.3";
			developmentRegion = en;
			hasScannedForEncodings = 0;
			knownRegions = (
				en,
				Base,
			);
			mainGroup = BDFA6E5825A34004005C59CF;
			productRefGroup = BDFA6E6225A34004005C59CF /* Products */;
			projectDirPath = "";
			projectRoot = "";
			targets = (
				BDFA6E6025A34004005C59CF /* Test */,
			);
		};
/* End PBXProject section */

/* Begin PBXResourcesBuildPhase section */
		BDFA6E5F25A34004005C59CF /* Resources */ = {
			isa = PBXResourcesBuildPhase;
			buildActionMask = 2147483647;
			files = (
				BD6BDD362645118A00C67FE1 /* 604.png in Resources */,
				BD6BDD0B2645118A00C67FE1 /* 940.png in Resources */,
				BD6BDCDC2645118A00C67FE1 /* 901.png in Resources */,
				BD6BDCB52645118A00C67FE1 /* 983.png in Resources */,
				BD6BDCEC2645118A00C67FE1 /* 978.png in Resources */,
				BD6BDCEB2645118A00C67FE1 /* 992.png in Resources */,
				BD6BDC9F2645118A00C67FE1 /* 985.png in Resources */,
				BD6BDC902645118A00C67FE1 /* 695.png in Resources */,
				BD6BDD032645118A00C67FE1 /* 654.png in Resources */,
				BD6BDD3E2645118A00C67FE1 /* 694.png in Resources */,
				BD6BDD1B2645118A00C67FE1 /* 998.png in Resources */,
				BD6BDCB72645118A00C67FE1 /* 919.png in Resources */,
				BD6BDCF72645118A00C67FE1 /* 908.png in Resources */,
				BD6BDCEE2645118A00C67FE1 /* 612.png in Resources */,
				BD6BDD022645118A00C67FE1 /* 942.png in Resources */,
				BD6BDCFF2645118A00C67FE1 /* 650.png in Resources */,
				BDDAE1F4263E93E900457C9D /* 1.csv in Resources */,
				BD6BDCC72645118A00C67FE1 /* 603.png in Resources */,
				BDFA6E7425A34006005C59CF /* LaunchScreen.storyboard in Resources */,
				BD6BDD3F2645118A00C67FE1 /* 941.png in Resources */,
				BD6BDD3C2645118A00C67FE1 /* 639.png in Resources */,
				BD6BDD502645118A00C67FE1 /* 627.png in Resources */,
				BD6BDCDA2645118A00C67FE1 /* 670.png in Resources */,
				BD6BDCA02645118A00C67FE1 /* 943.png in Resources */,
				BD6BDCE62645118A00C67FE1 /* 925.png in Resources */,
				BD6BDC972645118A00C67FE1 /* 613.png in Resources */,
				BD6BDCAE2645118A00C67FE1 /* 655.png in Resources */,
				BD6BDCD02645118A00C67FE1 /* 651.png in Resources */,
				BD6BDD3B2645118A00C67FE1 /* 975.png in Resources */,
				BD6BDCA82645118A00C67FE1 /* 903.png in Resources */,
				BD6BDD562645118A00C67FE1 /* 930.png in Resources */,
				BD6BDCD32645118A00C67FE1 /* 605.png in Resources */,
				BD6BDCD22645118A00C67FE1 /* 657.png in Resources */,
				BD6BDD522645118A00C67FE1 /* 949.png in Resources */,
				BD6BDD0F2645118A00C67FE1 /* 662.png in Resources */,
				BD6BDCFE2645118A00C67FE1 /* 641.png in Resources */,
				BD6BDD1A2645118A00C67FE1 /* 953.png in Resources */,
				BD6BDCDB2645118A00C67FE1 /* 658.png in Resources */,
				BD6BDD432645118A00C67FE1 /* 680.png in Resources */,
				BD6BDCA22645118A00C67FE1 /* 677.png in Resources */,
				BD6BDCE52645118A00C67FE1 /* 686.png in Resources */,
				BD6BDD272645118A00C67FE1 /* 653.png in Resources */,
				BD6BDD172645118A00C67FE1 /* 606.png in Resources */,
				BD6BDCB42645118A00C67FE1 /* 995.png in Resources */,
				BD6BDCF02645118A00C67FE1 /* 950.png in Resources */,
				BD6BDD162645118A00C67FE1 /* 923.png in Resources */,
				BD6BDD042645118A00C67FE1 /* 611.png in Resources */,
				BD6BDD0A2645118A00C67FE1 /* 678.png in Resources */,
				BD6BDCF22645118A00C67FE1 /* 636.png in Resources */,
				BD6BDCB22645118A00C67FE1 /* 681.png in Resources */,
				BD6BDC962645118A00C67FE1 /* 629.png in Resources */,
				BD6BDCCC2645118A00C67FE1 /* 937.png in Resources */,
				BD6BDD0D2645118A00C67FE1 /* 986.png in Resources */,
				BD6BDC922645118A00C67FE1 /* 692.png in Resources */,
				BD6BDD1F2645118A00C67FE1 /* 934.png in Resources */,
				BD6BDD102645118A00C67FE1 /* 976.png in Resources */,
				BD6BDCC62645118A00C67FE1 /* 904.png in Resources */,
				BD6BDCCE2645118A00C67FE1 /* 938.png in Resources */,
				BD6BDCBD2645118A00C67FE1 /* 964.png in Resources */,
				BD6BDCFD2645118A00C67FE1 /* 615.png in Resources */,
				BD6BDD282645118A00C67FE1 /* 634.png in Resources */,
				BD6BDCBC2645118A00C67FE1 /* 917.png in Resources */,
				BD6BDCE82645118A00C67FE1 /* 618.png in Resources */,
				BD6BDCC82645118A00C67FE1 /* 926.png in Resources */,
				BD6BDCF12645118A00C67FE1 /* 935.png in Resources */,
				BD6BDCAC2645118A00C67FE1 /* 932.png in Resources */,
				BD6BDD4C2645118A00C67FE1 /* 665.png in Resources */,
				BD6BDD2F2645118A00C67FE1 /* 994.png in Resources */,
				BD6BDD072645118A00C67FE1 /* 946.png in Resources */,
				BD6BDCC92645118A00C67FE1 /* 968.png in Resources */,
				BD6BDD322645118A00C67FE1 /* 918.png in Resources */,
				BD6BDCFB2645118A00C67FE1 /* 947.png in Resources */,
				BD6BDCC32645118A00C67FE1 /* 690.png in Resources */,
				BD6BDD2E2645118A00C67FE1 /* 933.png in Resources */,
				BD6BDD092645118A00C67FE1 /* 688.png in Resources */,
				BD6BDD122645118A00C67FE1 /* 696.png in Resources */,
				BD6BDCCA2645118A00C67FE1 /* 931.png in Resources */,
				BD6BDD412645118A00C67FE1 /* 973.png in Resources */,
				BD6BDD302645118A00C67FE1 /* 1000.png in Resources */,
				BD6BDD142645118A00C67FE1 /* 621.png in Resources */,
				BD6BDCB12645118A00C67FE1 /* 610.png in Resources */,
				BD6BDCF32645118A00C67FE1 /* 915.png in Resources */,
				BD6BDD212645118A00C67FE1 /* 920.png in Resources */,
				BD6BDCB82645118A00C67FE1 /* 643.png in Resources */,
				BD6BDCD92645118A00C67FE1 /* 648.png in Resources */,
				BD6BDCAF2645118A00C67FE1 /* 910.png in Resources */,
				BD6BDCDE2645118A00C67FE1 /* 914.png in Resources */,
				BD6BDCBF2645118A00C67FE1 /* 676.png in Resources */,
				BD6BDCB92645118A00C67FE1 /* 962.png in Resources */,
				BD6BDD332645118A00C67FE1 /* 666.png in Resources */,
				BD6BDC9E2645118A00C67FE1 /* 987.png in Resources */,
				BD6BDD532645118A00C67FE1 /* 675.png in Resources */,
				BD6BDCCB2645118A00C67FE1 /* 669.png in Resources */,
				BD6BDCBE2645118A00C67FE1 /* 979.png in Resources */,
				BD6BDD462645118A00C67FE1 /* 928.png in Resources */,
				BD6BDCA32645118A00C67FE1 /* 619.png in Resources */,
				BD6BDD452645118A00C67FE1 /* 965.png in Resources */,
				BD6BDD512645118A00C67FE1 /* 955.png in Resources */,
				BD6BDD2C2645118A00C67FE1 /* 671.png in Resources */,
				BD6BDD4E2645118A00C67FE1 /* 646.png in Resources */,
				BD6BDCE02645118A00C67FE1 /* 948.png in Resources */,
				BD6BDD2D2645118A00C67FE1 /* 607.png in Resources */,
				BD6BDD192645118A00C67FE1 /* 620.png in Resources */,
				BD6BDD4A2645118A00C67FE1 /* 679.png in Resources */,
				BD6BDD002645118A00C67FE1 /* 674.png in Resources */,
				BD6BDCE22645118A00C67FE1 /* 622.png in Resources */,
				BD6BDD0E2645118A00C67FE1 /* 902.png in Resources */,
				BD6BDD112645118A00C67FE1 /* 683.png in Resources */,
				BD6BDCA72645118A00C67FE1 /* 617.png in Resources */,
				BD6BDD442645118A00C67FE1 /* 663.png in Resources */,
				BD6BDCD52645118A00C67FE1 /* 660.png in Resources */,
				BD6BDD4F2645118A00C67FE1 /* 921.png in Resources */,
				BD6BDD242645118A00C67FE1 /* 956.png in Resources */,
				BD6BDC9C2645118A00C67FE1 /* 990.png in Resources */,
				BD6BDD4B2645118A00C67FE1 /* 924.png in Resources */,
				BD6BDD2B2645118A00C67FE1 /* 911.png in Resources */,
				BD6BDC912645118A00C67FE1 /* 699.png in Resources */,
				BD6BDD082645118A00C67FE1 /* 609.png in Resources */,
				BD6BDCBB2645118A00C67FE1 /* 633.png in Resources */,
				BD6BDCB62645118A00C67FE1 /* 912.png in Resources */,
				BD6BDCE32645118A00C67FE1 /* 685.png in Resources */,
				BD6BDCC52645118A00C67FE1 /* 626.png in Resources */,
				BD6BDCC42645118A00C67FE1 /* 628.png in Resources */,
				BD6BDD182645118A00C67FE1 /* 632.png in Resources */,
				BD6BDCD12645118A00C67FE1 /* 698.png in Resources */,
				BD6BDD492645118A00C67FE1 /* 989.png in Resources */,
				BD6BDD132645118A00C67FE1 /* 907.png in Resources */,
				BD6BDCA42645118A00C67FE1 /* 913.png in Resources */,
				BD6BDD422645118A00C67FE1 /* 689.png in Resources */,
				BD6BDD0C2645118A00C67FE1 /* 635.png in Resources */,
				BD6BDD152645118A00C67FE1 /* 661.png in Resources */,
				BD6BDD052645118A00C67FE1 /* 974.png in Resources */,
				BD6BDCF52645118A00C67FE1 /* 638.png in Resources */,
				BD6BDD202645118A00C67FE1 /* 984.png in Resources */,
				BD6BDD262645118A00C67FE1 /* 996.png in Resources */,
				BD6BDCD62645118A00C67FE1 /* 608.png in Resources */,
				BD6BDD352645118A00C67FE1 /* 952.png in Resources */,
				BDCDAE72264427DE002C3B34 /* 1的副本.csv in Resources */,
				BD6BDCB02645118A00C67FE1 /* 929.png in Resources */,
				BD6BDCE12645118A00C67FE1 /* 922.png in Resources */,
				BD6BDCD82645118A00C67FE1 /* 623.png in Resources */,
				BD6BDCA52645118A00C67FE1 /* 630.png in Resources */,
				BD6BDCD42645118A00C67FE1 /* 668.png in Resources */,
				BD6BDCF92645118A00C67FE1 /* 916.png in Resources */,
				BD6BDD222645118A00C67FE1 /* 649.png in Resources */,
				BD6BDCBA2645118A00C67FE1 /* 659.png in Resources */,
				BD6BDCCD2645118A00C67FE1 /* 625.png in Resources */,
				BD6BDC982645118A00C67FE1 /* 967.png in Resources */,
				BD6BDCA12645118A00C67FE1 /* 697.png in Resources */,
				BD6BDCFC2645118A00C67FE1 /* 647.png in Resources */,
				BD6BDC992645118A00C67FE1 /* 652.png in Resources */,
				BD6BDCF82645118A00C67FE1 /* 664.png in Resources */,
				BD6BDCAB2645118A00C67FE1 /* 981.png in Resources */,
				BD6BDC9B2645118A00C67FE1 /* 997.png in Resources */,
				BD6BDCA62645118A00C67FE1 /* 631.png in Resources */,
				BD6BDCC12645118A00C67FE1 /* 667.png in Resources */,
				BD6BDD382645118A00C67FE1 /* 957.png in Resources */,
				BD6BDD4D2645118A00C67FE1 /* 954.png in Resources */,
				BD6BDCA92645118A00C67FE1 /* 966.png in Resources */,
				BD6BDCE72645118A00C67FE1 /* 970.png in Resources */,
				BD6BDCD72645118A00C67FE1 /* 939.png in Resources */,
				BD6BDD1E2645118A00C67FE1 /* 927.png in Resources */,
				BD6BDD472645118A00C67FE1 /* 936.png in Resources */,
				BD6BDD1D2645118A00C67FE1 /* 909.png in Resources */,
				BD6BDCFA2645118A00C67FE1 /* 951.png in Resources */,
				BD6BDC942645118A00C67FE1 /* 945.png in Resources */,
				BD6BDD3D2645118A00C67FE1 /* 960.png in Resources */,
				BD6BDD542645118A00C67FE1 /* 961.png in Resources */,
				BD6BDD312645118A00C67FE1 /* 993.png in Resources */,
				BD6BDCDD2645118A00C67FE1 /* 944.png in Resources */,
				BD6BDD062645118A00C67FE1 /* 624.png in Resources */,
				BD6BDC952645118A00C67FE1 /* 614.png in Resources */,
				BD6BDC932645118A00C67FE1 /* 969.png in Resources */,
				BD6BDC8F2645118A00C67FE1 /* 645.png in Resources */,
				BD6BDCCF2645118A00C67FE1 /* 691.png in Resources */,
				BD6BDD012645118A00C67FE1 /* 700.png in Resources */,
				BD6BDD402645118A00C67FE1 /* 640.png in Resources */,
				BD6BDD232645118A00C67FE1 /* 656.png in Resources */,
				BD6BDD3A2645118A00C67FE1 /* 905.png in Resources */,
				BD6BDCF42645118A00C67FE1 /* 977.png in Resources */,
				BD6BDD252645118A00C67FE1 /* 980.png in Resources */,
				BD6BDD1C2645118A00C67FE1 /* 958.png in Resources */,
				BD6BDCDF2645118A00C67FE1 /* 642.png in Resources */,
				BD6BDCAD2645118A00C67FE1 /* 693.png in Resources */,
				BD6BDD2A2645118A00C67FE1 /* 601.png in Resources */,
				BD6BDD342645118A00C67FE1 /* 991.png in Resources */,
				BD6BDD482645118A00C67FE1 /* 906.png in Resources */,
				BD6BDCE92645118A00C67FE1 /* 684.png in Resources */,
				BD6BDCF62645118A00C67FE1 /* 644.png in Resources */,
				BD6BDCB32645118A00C67FE1 /* 616.png in Resources */,
				BD6BDCED2645118A00C67FE1 /* 959.png in Resources */,
				BD6BDCEF2645118A00C67FE1 /* 682.png in Resources */,
				BD6BDCAA2645118A00C67FE1 /* 963.png in Resources */,
				BD6BDD392645118A00C67FE1 /* 988.png in Resources */,
				BD6BDCC22645118A00C67FE1 /* 971.png in Resources */,
				BD6BDCEA2645118A00C67FE1 /* 673.png in Resources */,
				BD6BDD292645118A00C67FE1 /* 602.png in Resources */,
				BDFA6E7125A34006005C59CF /* Assets.xcassets in Resources */,
				BD6BDD552645118A00C67FE1 /* 972.png in Resources */,
				BD6BDCC02645118A00C67FE1 /* 982.png in Resources */,
				BD6BDCE42645118A00C67FE1 /* 999.png in Resources */,
				BD6BDD372645118A00C67FE1 /* 672.png in Resources */,
				BD6BDC9D2645118A00C67FE1 /* 637.png in Resources */,
				BD6BDC9A2645118A00C67FE1 /* 687.png in Resources */,
			);
			runOnlyForDeploymentPostprocessing = 0;
		};
/* End PBXResourcesBuildPhase section */

/* Begin PBXShellScriptBuildPhase section */
		D938B16045D0FD32E326815B /* [CP] Check Pods Manifest.lock */ = {
			isa = PBXShellScriptBuildPhase;
			buildActionMask = 2147483647;
			files = (
			);
			inputFileListPaths = (
			);
			inputPaths = (
				"${PODS_PODFILE_DIR_PATH}/Podfile.lock",
				"${PODS_ROOT}/Manifest.lock",
			);
			name = "[CP] Check Pods Manifest.lock";
			outputFileListPaths = (
			);
			outputPaths = (
				"$(DERIVED_FILE_DIR)/Pods-Test-checkManifestLockResult.txt",
			);
			runOnlyForDeploymentPostprocessing = 0;
			shellPath = /bin/sh;
			shellScript = "diff \"${PODS_PODFILE_DIR_PATH}/Podfile.lock\" \"${PODS_ROOT}/Manifest.lock\" > /dev/null\nif [ $? != 0 ] ; then\n    # print error to STDERR\n    echo \"error: The sandbox is not in sync with the Podfile.lock. Run 'pod install' or update your CocoaPods installation.\" >&2\n    exit 1\nfi\n# This output is used by Xcode 'outputs' to avoid re-running this script phase.\necho \"SUCCESS\" > \"${SCRIPT_OUTPUT_FILE_0}\"\n";
			showEnvVarsInLog = 0;
		};
		F7C5EC0F02CC25A1CC53AAF4 /* [CP] Embed Pods Frameworks */ = {
			isa = PBXShellScriptBuildPhase;
			buildActionMask = 2147483647;
			files = (
			);
			inputFileListPaths = (
				"${PODS_ROOT}/Target Support Files/Pods-Test/Pods-Test-frameworks-${CONFIGURATION}-input-files.xcfilelist",
			);
			name = "[CP] Embed Pods Frameworks";
			outputFileListPaths = (
				"${PODS_ROOT}/Target Support Files/Pods-Test/Pods-Test-frameworks-${CONFIGURATION}-output-files.xcfilelist",
			);
			runOnlyForDeploymentPostprocessing = 0;
			shellPath = /bin/sh;
			shellScript = "\"${PODS_ROOT}/Target Support Files/Pods-Test/Pods-Test-frameworks.sh\"\n";
			showEnvVarsInLog = 0;
		};
/* End PBXShellScriptBuildPhase section */

/* Begin PBXSourcesBuildPhase section */
		BDFA6E5D25A34004005C59CF /* Sources */ = {
			isa = PBXSourcesBuildPhase;
			buildActionMask = 2147483647;
			files = (
				BDDAE2DB26427A7A00457C9D /* JQUploadPicRequest.m in Sources */,
				BDFA6E6C25A34004005C59CF /* ViewController.m in Sources */,
				BDA23FCF2625D405000B3B8B /* WebViewController.m in Sources */,
				BDDAE20626423F6000457C9D /* FacematchController.m in Sources */,
				BDFA6E6625A34004005C59CF /* AppDelegate.m in Sources */,
				BDFA6E7725A34006005C59CF /* main.m in Sources */,
				BDDAE2D926427A7A00457C9D /* UIImage+GCAdd.m in Sources */,
				BDDAE2DA26427A7A00457C9D /* JQResulltViewController.m in Sources */,
				BDDAE3142642DB7900457C9D /* MMLocationParser.m in Sources */,
				BDA23FD62625D705000B3B8B /* URLSchemeHandler.m in Sources */,
				BDFA6E8125A340CB005C59CF /* OneController.m in Sources */,
				BDA23FE12625EA1F000B3B8B /* WKWebView+Custom.m in Sources */,
				BDFA6E8725A340D6005C59CF /* TwoController.m in Sources */,
			);
			runOnlyForDeploymentPostprocessing = 0;
		};
/* End PBXSourcesBuildPhase section */

/* Begin PBXVariantGroup section */
		BDFA6E7225A34006005C59CF /* LaunchScreen.storyboard */ = {
			isa = PBXVariantGroup;
			children = (
				BDFA6E7325A34006005C59CF /* Base */,
			);
			name = LaunchScreen.storyboard;
			sourceTree = "<group>";
		};
/* End PBXVariantGroup section */

/* Begin XCBuildConfiguration section */
		BDFA6E7825A34006005C59CF /* Debug */ = {
			isa = XCBuildConfiguration;
			buildSettings = {
				ALWAYS_SEARCH_USER_PATHS = NO;
				CLANG_ANALYZER_NONNULL = YES;
				CLANG_ANALYZER_NUMBER_OBJECT_CONVERSION = YES_AGGRESSIVE;
				CLANG_CXX_LANGUAGE_STANDARD = "gnu++14";
				CLANG_CXX_LIBRARY = "libc++";
				CLANG_ENABLE_MODULES = YES;
				CLANG_ENABLE_OBJC_ARC = YES;
				CLANG_ENABLE_OBJC_WEAK = YES;
				CLANG_WARN_BLOCK_CAPTURE_AUTORELEASING = YES;
				CLANG_WARN_BOOL_CONVERSION = YES;
				CLANG_WARN_COMMA = YES;
				CLANG_WARN_CONSTANT_CONVERSION = YES;
				CLANG_WARN_DEPRECATED_OBJC_IMPLEMENTATIONS = YES;
				CLANG_WARN_DIRECT_OBJC_ISA_USAGE = YES_ERROR;
				CLANG_WARN_DOCUMENTATION_COMMENTS = YES;
				CLANG_WARN_EMPTY_BODY = YES;
				CLANG_WARN_ENUM_CONVERSION = YES;
				CLANG_WARN_INFINITE_RECURSION = YES;
				CLANG_WARN_INT_CONVERSION = YES;
				CLANG_WARN_NON_LITERAL_NULL_CONVERSION = YES;
				CLANG_WARN_OBJC_IMPLICIT_RETAIN_SELF = YES;
				CLANG_WARN_OBJC_LITERAL_CONVERSION = YES;
				CLANG_WARN_OBJC_ROOT_CLASS = YES_ERROR;
				CLANG_WARN_QUOTED_INCLUDE_IN_FRAMEWORK_HEADER = YES;
				CLANG_WARN_RANGE_LOOP_ANALYSIS = YES;
				CLANG_WARN_STRICT_PROTOTYPES = YES;
				CLANG_WARN_SUSPICIOUS_MOVE = YES;
				CLANG_WARN_UNGUARDED_AVAILABILITY = YES_AGGRESSIVE;
				CLANG_WARN_UNREACHABLE_CODE = YES;
				CLANG_WARN__DUPLICATE_METHOD_MATCH = YES;
				COPY_PHASE_STRIP = NO;
				DEBUG_INFORMATION_FORMAT = dwarf;
				ENABLE_STRICT_OBJC_MSGSEND = YES;
				ENABLE_TESTABILITY = YES;
				GCC_C_LANGUAGE_STANDARD = gnu11;
				GCC_DYNAMIC_NO_PIC = NO;
				GCC_NO_COMMON_BLOCKS = YES;
				GCC_OPTIMIZATION_LEVEL = 0;
				GCC_PREPROCESSOR_DEFINITIONS = (
					"DEBUG=1",
					"$(inherited)",
				);
				GCC_WARN_64_TO_32_BIT_CONVERSION = YES;
				GCC_WARN_ABOUT_RETURN_TYPE = YES_ERROR;
				GCC_WARN_UNDECLARED_SELECTOR = YES;
				GCC_WARN_UNINITIALIZED_AUTOS = YES_AGGRESSIVE;
				GCC_WARN_UNUSED_FUNCTION = YES;
				GCC_WARN_UNUSED_VARIABLE = YES;
				IPHONEOS_DEPLOYMENT_TARGET = 14.0;
				MTL_ENABLE_DEBUG_INFO = INCLUDE_SOURCE;
				MTL_FAST_MATH = YES;
				ONLY_ACTIVE_ARCH = YES;
				SDKROOT = iphoneos;
			};
			name = Debug;
		};
		BDFA6E7925A34006005C59CF /* Release */ = {
			isa = XCBuildConfiguration;
			buildSettings = {
				ALWAYS_SEARCH_USER_PATHS = NO;
				CLANG_ANALYZER_NONNULL = YES;
				CLANG_ANALYZER_NUMBER_OBJECT_CONVERSION = YES_AGGRESSIVE;
				CLANG_CXX_LANGUAGE_STANDARD = "gnu++14";
				CLANG_CXX_LIBRARY = "libc++";
				CLANG_ENABLE_MODULES = YES;
				CLANG_ENABLE_OBJC_ARC = YES;
				CLANG_ENABLE_OBJC_WEAK = YES;
				CLANG_WARN_BLOCK_CAPTURE_AUTORELEASING = YES;
				CLANG_WARN_BOOL_CONVERSION = YES;
				CLANG_WARN_COMMA = YES;
				CLANG_WARN_CONSTANT_CONVERSION = YES;
				CLANG_WARN_DEPRECATED_OBJC_IMPLEMENTATIONS = YES;
				CLANG_WARN_DIRECT_OBJC_ISA_USAGE = YES_ERROR;
				CLANG_WARN_DOCUMENTATION_COMMENTS = YES;
				CLANG_WARN_EMPTY_BODY = YES;
				CLANG_WARN_ENUM_CONVERSION = YES;
				CLANG_WARN_INFINITE_RECURSION = YES;
				CLANG_WARN_INT_CONVERSION = YES;
				CLANG_WARN_NON_LITERAL_NULL_CONVERSION = YES;
				CLANG_WARN_OBJC_IMPLICIT_RETAIN_SELF = YES;
				CLANG_WARN_OBJC_LITERAL_CONVERSION = YES;
				CLANG_WARN_OBJC_ROOT_CLASS = YES_ERROR;
				CLANG_WARN_QUOTED_INCLUDE_IN_FRAMEWORK_HEADER = YES;
				CLANG_WARN_RANGE_LOOP_ANALYSIS = YES;
				CLANG_WARN_STRICT_PROTOTYPES = YES;
				CLANG_WARN_SUSPICIOUS_MOVE = YES;
				CLANG_WARN_UNGUARDED_AVAILABILITY = YES_AGGRESSIVE;
				CLANG_WARN_UNREACHABLE_CODE = YES;
				CLANG_WARN__DUPLICATE_METHOD_MATCH = YES;
				COPY_PHASE_STRIP = NO;
				DEBUG_INFORMATION_FORMAT = "dwarf-with-dsym";
				ENABLE_NS_ASSERTIONS = NO;
				ENABLE_STRICT_OBJC_MSGSEND = YES;
				GCC_C_LANGUAGE_STANDARD = gnu11;
				GCC_NO_COMMON_BLOCKS = YES;
				GCC_WARN_64_TO_32_BIT_CONVERSION = YES;
				GCC_WARN_ABOUT_RETURN_TYPE = YES_ERROR;
				GCC_WARN_UNDECLARED_SELECTOR = YES;
				GCC_WARN_UNINITIALIZED_AUTOS = YES_AGGRESSIVE;
				GCC_WARN_UNUSED_FUNCTION = YES;
				GCC_WARN_UNUSED_VARIABLE = YES;
				IPHONEOS_DEPLOYMENT_TARGET = 14.0;
				MTL_ENABLE_DEBUG_INFO = NO;
				MTL_FAST_MATH = YES;
				SDKROOT = iphoneos;
				VALIDATE_PRODUCT = YES;
			};
			name = Release;
		};
		BDFA6E7B25A34006005C59CF /* Debug */ = {
			isa = XCBuildConfiguration;
			baseConfigurationReference = ECF24A3D8D41607ADD4F41A1 /* Pods-Test.debug.xcconfig */;
			buildSettings = {
				ASSETCATALOG_COMPILER_APPICON_NAME = AppIcon;
				ASSETCATALOG_COMPILER_GLOBAL_ACCENT_COLOR_NAME = AccentColor;
				CODE_SIGN_STYLE = Automatic;
				GCC_PREFIX_HEADER = Test/PrefixHeader.pch;
				INFOPLIST_FILE = Test/Info.plist;
				LD_RUNPATH_SEARCH_PATHS = (
					"$(inherited)",
					"@executable_path/Frameworks",
				);
				PRODUCT_BUNDLE_IDENTIFIER = com.test.Test;
				PRODUCT_NAME = "$(TARGET_NAME)";
				TARGETED_DEVICE_FAMILY = "1,2";
			};
			name = Debug;
		};
		BDFA6E7C25A34006005C59CF /* Release */ = {
			isa = XCBuildConfiguration;
			baseConfigurationReference = A6A42332C79C7C099CB45AB2 /* Pods-Test.release.xcconfig */;
			buildSettings = {
				ASSETCATALOG_COMPILER_APPICON_NAME = AppIcon;
				ASSETCATALOG_COMPILER_GLOBAL_ACCENT_COLOR_NAME = AccentColor;
				CODE_SIGN_STYLE = Automatic;
				GCC_PREFIX_HEADER = Test/PrefixHeader.pch;
				INFOPLIST_FILE = Test/Info.plist;
				LD_RUNPATH_SEARCH_PATHS = (
					"$(inherited)",
					"@executable_path/Frameworks",
				);
				PRODUCT_BUNDLE_IDENTIFIER = com.test.Test;
				PRODUCT_NAME = "$(TARGET_NAME)";
				TARGETED_DEVICE_FAMILY = "1,2";
			};
			name = Release;
		};
/* End XCBuildConfiguration section */

/* Begin XCConfigurationList section */
		BDFA6E5C25A34004005C59CF /* Build configuration list for PBXProject "Test" */ = {
			isa = XCConfigurationList;
			buildConfigurations = (
				BDFA6E7825A34006005C59CF /* Debug */,
				BDFA6E7925A34006005C59CF /* Release */,
			);
			defaultConfigurationIsVisible = 0;
			defaultConfigurationName = Release;
		};
		BDFA6E7A25A34006005C59CF /* Build configuration list for PBXNativeTarget "Test" */ = {
			isa = XCConfigurationList;
			buildConfigurations = (
				BDFA6E7B25A34006005C59CF /* Debug */,
				BDFA6E7C25A34006005C59CF /* Release */,
			);
			defaultConfigurationIsVisible = 0;
			defaultConfigurationName = Release;
		};
/* End XCConfigurationList section */
	};
	rootObject = BDFA6E5925A34004005C59CF /* Project object */;
}
